// !$*UTF8*$!
{
	archiveVersion = 1;
	classes = {
	};
	objectVersion = 46;
	objects = {

/* Begin PBXBuildFile section */
		070C1CB914DAAC9400889A72 /* Loop_Underground_0.caf in Resources */ = {isa = PBXBuildFile; fileRef = 070C1CB514DAAC9300889A72 /* Loop_Underground_0.caf */; };
		070C1CBA14DAAC9400889A72 /* Loop_Underground_1.caf in Resources */ = {isa = PBXBuildFile; fileRef = 070C1CB614DAAC9300889A72 /* Loop_Underground_1.caf */; };
		070C1CBB14DAAC9400889A72 /* Loop_Underground_2.caf in Resources */ = {isa = PBXBuildFile; fileRef = 070C1CB714DAAC9400889A72 /* Loop_Underground_2.caf */; };
		070C1CBC14DAAC9400889A72 /* Loop_Underground_3.caf in Resources */ = {isa = PBXBuildFile; fileRef = 070C1CB814DAAC9400889A72 /* Loop_Underground_3.caf */; };
		073E0C61150221F900FA7FD6 /* replay_button_selected.png in Resources */ = {isa = PBXBuildFile; fileRef = 073E0C5D150221F900FA7FD6 /* replay_button_selected.png */; };
		073E0C62150221F900FA7FD6 /* replay_button.png in Resources */ = {isa = PBXBuildFile; fileRef = 073E0C5E150221F900FA7FD6 /* replay_button.png */; };
		073E0C63150221F900FA7FD6 /* title_button_selected.png in Resources */ = {isa = PBXBuildFile; fileRef = 073E0C5F150221F900FA7FD6 /* title_button_selected.png */; };
		073E0C64150221F900FA7FD6 /* title_button.png in Resources */ = {isa = PBXBuildFile; fileRef = 073E0C60150221F900FA7FD6 /* title_button.png */; };
		0741723B14ED620E0022D9F1 /* Loop_3_0.caf in Resources */ = {isa = PBXBuildFile; fileRef = 0741723714ED620E0022D9F1 /* Loop_3_0.caf */; };
		0741723C14ED620E0022D9F1 /* Loop_3_1.caf in Resources */ = {isa = PBXBuildFile; fileRef = 0741723814ED620E0022D9F1 /* Loop_3_1.caf */; };
		0741723D14ED620E0022D9F1 /* Loop_3_2.caf in Resources */ = {isa = PBXBuildFile; fileRef = 0741723914ED620E0022D9F1 /* Loop_3_2.caf */; };
		0741723E14ED620E0022D9F1 /* Loop_3_3.caf in Resources */ = {isa = PBXBuildFile; fileRef = 0741723A14ED620E0022D9F1 /* Loop_3_3.caf */; };
		0741724014ED63400022D9F1 /* status.png in Resources */ = {isa = PBXBuildFile; fileRef = 0741723F14ED63400022D9F1 /* status.png */; };
		0741724A14EE4FD70022D9F1 /* KWMessageWindow.m in Sources */ = {isa = PBXBuildFile; fileRef = 0741724914EE4FD70022D9F1 /* KWMessageWindow.m */; };
		075A497714BD81BB0047AAD2 /* KWMusicManager.m in Sources */ = {isa = PBXBuildFile; fileRef = 075A497614BD81BB0047AAD2 /* KWMusicManager.m */; };
		075A498514BEB36A0047AAD2 /* KWDrawingPrimitives.m in Sources */ = {isa = PBXBuildFile; fileRef = 075A498414BEB36A0047AAD2 /* KWDrawingPrimitives.m */; };
		076D1B5C14D42E15005EA04E /* 1.caf in Resources */ = {isa = PBXBuildFile; fileRef = 076D1B5514D42E15005EA04E /* 1.caf */; };
		076D1B5D14D42E15005EA04E /* 2.caf in Resources */ = {isa = PBXBuildFile; fileRef = 076D1B5614D42E15005EA04E /* 2.caf */; };
		076D1B5E14D42E15005EA04E /* Loop_Poppy_0.caf in Resources */ = {isa = PBXBuildFile; fileRef = 076D1B5814D42E15005EA04E /* Loop_Poppy_0.caf */; };
		076D1B5F14D42E15005EA04E /* Loop_Poppy_1.caf in Resources */ = {isa = PBXBuildFile; fileRef = 076D1B5914D42E15005EA04E /* Loop_Poppy_1.caf */; };
		076D1B6014D42E15005EA04E /* Loop_Poppy_2.caf in Resources */ = {isa = PBXBuildFile; fileRef = 076D1B5A14D42E15005EA04E /* Loop_Poppy_2.caf */; };
		076D1B6114D42E15005EA04E /* Loop_Poppy_3.caf in Resources */ = {isa = PBXBuildFile; fileRef = 076D1B5B14D42E15005EA04E /* Loop_Poppy_3.caf */; };
		076D1B7714D49875005EA04E /* bell.caf in Resources */ = {isa = PBXBuildFile; fileRef = 076D1B7314D49874005EA04E /* bell.caf */; };
		076D1B7814D49875005EA04E /* invalid0.caf in Resources */ = {isa = PBXBuildFile; fileRef = 076D1B7414D49874005EA04E /* invalid0.caf */; };
		076D1B7914D49875005EA04E /* invalid1.caf in Resources */ = {isa = PBXBuildFile; fileRef = 076D1B7514D49874005EA04E /* invalid1.caf */; };
		076D1B7A14D49875005EA04E /* valid.caf in Resources */ = {isa = PBXBuildFile; fileRef = 076D1B7614D49874005EA04E /* valid.caf */; };
		076D1B7E14D4AADB005EA04E /* CutIn.m in Sources */ = {isa = PBXBuildFile; fileRef = 076D1B7D14D4AADB005EA04E /* CutIn.m */; };
		076D1B8914D4B16E005EA04E /* 3.caf in Resources */ = {isa = PBXBuildFile; fileRef = 076D1B8614D4B16E005EA04E /* 3.caf */; };
		076D1B8A14D4B16E005EA04E /* 4.caf in Resources */ = {isa = PBXBuildFile; fileRef = 076D1B8714D4B16E005EA04E /* 4.caf */; };
		076D1B8B14D4B16E005EA04E /* 5.caf in Resources */ = {isa = PBXBuildFile; fileRef = 076D1B8814D4B16E005EA04E /* 5.caf */; };
		07831F7114B23C7D00C6FC96 /* kawaz-hd.png in Resources */ = {isa = PBXBuildFile; fileRef = 07831F6F14B23C7D00C6FC96 /* kawaz-hd.png */; };
		07831F7214B23C7D00C6FC96 /* kawaz.png in Resources */ = {isa = PBXBuildFile; fileRef = 07831F7014B23C7D00C6FC96 /* kawaz.png */; };
		07831F9314B23CC400C6FC96 /* KWLayer.m in Sources */ = {isa = PBXBuildFile; fileRef = 07831F7E14B23CC400C6FC96 /* KWLayer.m */; };
		07831F9414B23CC400C6FC96 /* KWState.m in Sources */ = {isa = PBXBuildFile; fileRef = 07831F8014B23CC400C6FC96 /* KWState.m */; };
		07831F9514B23CC400C6FC96 /* KWStateManager.m in Sources */ = {isa = PBXBuildFile; fileRef = 07831F8214B23CC400C6FC96 /* KWStateManager.m */; };
		07831F9814B23CC400C6FC96 /* KWSingleton.m in Sources */ = {isa = PBXBuildFile; fileRef = 07831F8A14B23CC400C6FC96 /* KWSingleton.m */; };
		07831F9914B23CC400C6FC96 /* KWTimer.m in Sources */ = {isa = PBXBuildFile; fileRef = 07831F8C14B23CC400C6FC96 /* KWTimer.m */; };
		07831F9A14B23CC400C6FC96 /* KWVector.m in Sources */ = {isa = PBXBuildFile; fileRef = 07831F8E14B23CC400C6FC96 /* KWVector.m */; };
		07831F9B14B23CC400C6FC96 /* NSArrayExtension.m in Sources */ = {isa = PBXBuildFile; fileRef = 07831F9014B23CC400C6FC96 /* NSArrayExtension.m */; };
		07831F9E14B2428D00C6FC96 /* CCSpriteExtension.m in Sources */ = {isa = PBXBuildFile; fileRef = 07831F9D14B2428D00C6FC96 /* CCSpriteExtension.m */; };
		078780911508EA4500074F69 /* lifegauge.png in Resources */ = {isa = PBXBuildFile; fileRef = 078780901508EA4500074F69 /* lifegauge.png */; };
		07BA25F014D33DAF00458AEA /* CCAnimationExtension.m in Sources */ = {isa = PBXBuildFile; fileRef = 07BA25EF14D33DAF00458AEA /* CCAnimationExtension.m */; };
		07C0721714D50DD200672794 /* cut_in_boss1.png in Resources */ = {isa = PBXBuildFile; fileRef = 07C0721314D50DD200672794 /* cut_in_boss1.png */; };
		07C0721C14D50E2300672794 /* SeekBar.m in Sources */ = {isa = PBXBuildFile; fileRef = 07C0721B14D50E2300672794 /* SeekBar.m */; };
		07C420C014FEFA8F0002CB1C /* pause.wav in Resources */ = {isa = PBXBuildFile; fileRef = 07C420BF14FEFA8F0002CB1C /* pause.wav */; };
		07C420C514FEFAA50002CB1C /* Gameover.caf in Resources */ = {isa = PBXBuildFile; fileRef = 07C420C214FEFAA50002CB1C /* Gameover.caf */; };
		07C420C614FEFAA50002CB1C /* Result.caf in Resources */ = {isa = PBXBuildFile; fileRef = 07C420C314FEFAA50002CB1C /* Result.caf */; };
		07C420C714FEFAA50002CB1C /* Theme.caf in Resources */ = {isa = PBXBuildFile; fileRef = 07C420C414FEFAA50002CB1C /* Theme.caf */; };
		07C65EAE14E9925400EE1391 /* melody.plist in Resources */ = {isa = PBXBuildFile; fileRef = 07C65EAC14E9925300EE1391 /* melody.plist */; };
		07C65EB014E9962100EE1391 /* background.plist in Resources */ = {isa = PBXBuildFile; fileRef = 07C65EAF14E9961F00EE1391 /* background.plist */; };
		07C65EB314E9987900EE1391 /* KWCounterLabel.m in Sources */ = {isa = PBXBuildFile; fileRef = 07C65EB214E9987900EE1391 /* KWCounterLabel.m */; };
		07C65ECC14EBB19B00EE1391 /* ready.png in Resources */ = {isa = PBXBuildFile; fileRef = 07C65EBF14EBB19B00EE1391 /* ready.png */; };
		07C65ECD14EBB19B00EE1391 /* seek_background.png in Resources */ = {isa = PBXBuildFile; fileRef = 07C65EC014EBB19B00EE1391 /* seek_background.png */; };
		07C65ECE14EBB19B00EE1391 /* seek_marker0.png in Resources */ = {isa = PBXBuildFile; fileRef = 07C65EC114EBB19B00EE1391 /* seek_marker0.png */; };
		07C65ECF14EBB19B00EE1391 /* seek_marker1.png in Resources */ = {isa = PBXBuildFile; fileRef = 07C65EC214EBB19B00EE1391 /* seek_marker1.png */; };
		07C65ED014EBB19B00EE1391 /* seekbar.png in Resources */ = {isa = PBXBuildFile; fileRef = 07C65EC314EBB19B00EE1391 /* seekbar.png */; };
		07C65ED114EBB19B00EE1391 /* t1_0.png in Resources */ = {isa = PBXBuildFile; fileRef = 07C65EC414EBB19B00EE1391 /* t1_0.png */; };
		07C65ED214EBB19B00EE1391 /* t1_2.png in Resources */ = {isa = PBXBuildFile; fileRef = 07C65EC514EBB19B00EE1391 /* t1_2.png */; };
		07C65ED314EBB19B00EE1391 /* t2_0.png in Resources */ = {isa = PBXBuildFile; fileRef = 07C65EC614EBB19B00EE1391 /* t2_0.png */; };
		07C65ED414EBB19B00EE1391 /* t3_0.png in Resources */ = {isa = PBXBuildFile; fileRef = 07C65EC714EBB19B00EE1391 /* t3_0.png */; };
		07C65ED514EBB19B00EE1391 /* t3_1.png in Resources */ = {isa = PBXBuildFile; fileRef = 07C65EC814EBB19B00EE1391 /* t3_1.png */; };
		07C65ED614EBB19B00EE1391 /* t4_0.png in Resources */ = {isa = PBXBuildFile; fileRef = 07C65EC914EBB19B00EE1391 /* t4_0.png */; };
		07C65ED714EBB19B00EE1391 /* t5_0.png in Resources */ = {isa = PBXBuildFile; fileRef = 07C65ECA14EBB19B00EE1391 /* t5_0.png */; };
		07C65EDF14EC13C600EE1391 /* cutin.plist in Resources */ = {isa = PBXBuildFile; fileRef = 07C65EDE14EC13C600EE1391 /* cutin.plist */; };
		07D41EB214EEE8A500D91359 /* HowtoLayer.m in Sources */ = {isa = PBXBuildFile; fileRef = 07D41EA714EEE8A500D91359 /* HowtoLayer.m */; };
		07D41EB314EEE8A500D91359 /* LogoLayer.m in Sources */ = {isa = PBXBuildFile; fileRef = 07D41EA914EEE8A500D91359 /* LogoLayer.m */; };
		07D41EB414EEE8A500D91359 /* MainLayer.m in Sources */ = {isa = PBXBuildFile; fileRef = 07D41EAB14EEE8A500D91359 /* MainLayer.m */; };
		07D41EB514EEE8A500D91359 /* MenuLayer.m in Sources */ = {isa = PBXBuildFile; fileRef = 07D41EAD14EEE8A500D91359 /* MenuLayer.m */; };
		07D41EB614EEE8A500D91359 /* ResultLayer.m in Sources */ = {isa = PBXBuildFile; fileRef = 07D41EAF14EEE8A500D91359 /* ResultLayer.m */; };
		07D41EB714EEE8A500D91359 /* TitleLayer.m in Sources */ = {isa = PBXBuildFile; fileRef = 07D41EB114EEE8A500D91359 /* TitleLayer.m */; };
		07D41EB914EEEA3400D91359 /* kawaz-ipad.png in Resources */ = {isa = PBXBuildFile; fileRef = 07D41EB814EEEA3400D91359 /* kawaz-ipad.png */; };
		07D41EC514F0F51B00D91359 /* finish.png in Resources */ = {isa = PBXBuildFile; fileRef = 07D41EC114F0F51B00D91359 /* finish.png */; };
		07D41EC614F0F51B00D91359 /* gameover.png in Resources */ = {isa = PBXBuildFile; fileRef = 07D41EC214F0F51B00D91359 /* gameover.png */; };
		07D41EC714F0F51B00D91359 /* pause.png in Resources */ = {isa = PBXBuildFile; fileRef = 07D41EC314F0F51B00D91359 /* pause.png */; };
		07D41ECE14F0FDA600D91359 /* bad.png in Resources */ = {isa = PBXBuildFile; fileRef = 07D41ECA14F0FDA500D91359 /* bad.png */; };
		07D41ECF14F0FDA600D91359 /* great.png in Resources */ = {isa = PBXBuildFile; fileRef = 07D41ECB14F0FDA600D91359 /* great.png */; };
		07D41ED014F0FDA600D91359 /* miss.png in Resources */ = {isa = PBXBuildFile; fileRef = 07D41ECC14F0FDA600D91359 /* miss.png */; };
		07D41ED114F0FDA600D91359 /* ok.png in Resources */ = {isa = PBXBuildFile; fileRef = 07D41ECD14F0FDA600D91359 /* ok.png */; };
		07D41ED314F0FEE900D91359 /* go.png in Resources */ = {isa = PBXBuildFile; fileRef = 07D41ED214F0FEE900D91359 /* go.png */; };
		07D41ED614F1058000D91359 /* StatusBar.m in Sources */ = {isa = PBXBuildFile; fileRef = 07D41ED514F1058000D91359 /* StatusBar.m */; };
		07D41ED814F13C4A00D91359 /* menu.png in Resources */ = {isa = PBXBuildFile; fileRef = 07D41ED714F13C4A00D91359 /* menu.png */; };
		07D41EDF14F13DBB00D91359 /* frame.png in Resources */ = {isa = PBXBuildFile; fileRef = 07D41ED914F13DB800D91359 /* frame.png */; };
		07D41EE014F13DBB00D91359 /* gauge_left.png in Resources */ = {isa = PBXBuildFile; fileRef = 07D41EDA14F13DB800D91359 /* gauge_left.png */; };
		07D41EE114F13DBB00D91359 /* gauge_right.png in Resources */ = {isa = PBXBuildFile; fileRef = 07D41EDB14F13DB800D91359 /* gauge_right.png */; };
		07D41EE214F13DBB00D91359 /* gauge0.png in Resources */ = {isa = PBXBuildFile; fileRef = 07D41EDC14F13DB900D91359 /* gauge0.png */; };
		07D41EE314F13DBB00D91359 /* gauge1.png in Resources */ = {isa = PBXBuildFile; fileRef = 07D41EDD14F13DBA00D91359 /* gauge1.png */; };
		07D41EE414F13DBB00D91359 /* gauge2.png in Resources */ = {isa = PBXBuildFile; fileRef = 07D41EDE14F13DBA00D91359 /* gauge2.png */; };
		07D41EE614F217CA00D91359 /* level_badge.png in Resources */ = {isa = PBXBuildFile; fileRef = 07D41EE514F217C900D91359 /* level_badge.png */; };
		07D41EE814F21BD700D91359 /* logo.png in Resources */ = {isa = PBXBuildFile; fileRef = 07D41EE714F21BD700D91359 /* logo.png */; };
		07D643FE14CB2DC900B0910C /* KWScrollLayer.m in Sources */ = {isa = PBXBuildFile; fileRef = 07D643FD14CB2DC900B0910C /* KWScrollLayer.m */; };
		07D6440714CB2E7B00B0910C /* KWGauge.m in Sources */ = {isa = PBXBuildFile; fileRef = 07D6440214CB2E7B00B0910C /* KWGauge.m */; };
		07D6440814CB2E7B00B0910C /* KWPieChart.m in Sources */ = {isa = PBXBuildFile; fileRef = 07D6440414CB2E7B00B0910C /* KWPieChart.m */; };
		07D6440914CB2E7B00B0910C /* KWTimerLabel.m in Sources */ = {isa = PBXBuildFile; fileRef = 07D6440614CB2E7B00B0910C /* KWTimerLabel.m */; };
		07E08165150FC5F30097185E /* easy0.lua in Resources */ = {isa = PBXBuildFile; fileRef = 07E0815B150FC5F30097185E /* easy0.lua */; };
		07E08166150FC5F30097185E /* easy1.lua in Resources */ = {isa = PBXBuildFile; fileRef = 07E0815C150FC5F30097185E /* easy1.lua */; };
		07E08167150FC5F30097185E /* easy2.lua in Resources */ = {isa = PBXBuildFile; fileRef = 07E0815D150FC5F30097185E /* easy2.lua */; };
		07E08168150FC5F30097185E /* hard0.lua in Resources */ = {isa = PBXBuildFile; fileRef = 07E0815E150FC5F30097185E /* hard0.lua */; };
		07E08169150FC5F30097185E /* hard1.lua in Resources */ = {isa = PBXBuildFile; fileRef = 07E0815F150FC5F30097185E /* hard1.lua */; };
		07E0816A150FC5F30097185E /* hard2.lua in Resources */ = {isa = PBXBuildFile; fileRef = 07E08160150FC5F30097185E /* hard2.lua */; };
		07E0816B150FC5F30097185E /* normal0.lua in Resources */ = {isa = PBXBuildFile; fileRef = 07E08161150FC5F30097185E /* normal0.lua */; };
		07E0816C150FC5F30097185E /* normal1.lua in Resources */ = {isa = PBXBuildFile; fileRef = 07E08162150FC5F30097185E /* normal1.lua */; };
		07E0816D150FC5F30097185E /* normal2.lua in Resources */ = {isa = PBXBuildFile; fileRef = 07E08163150FC5F30097185E /* normal2.lua */; };
		07E0816E150FC5F30097185E /* test.lua in Resources */ = {isa = PBXBuildFile; fileRef = 07E08164150FC5F30097185E /* test.lua */; };
		07E08171150FC9440097185E /* SaveManager.m in Sources */ = {isa = PBXBuildFile; fileRef = 07E08170150FC9440097185E /* SaveManager.m */; };
		07E08173150FDB6C0097185E /* howto.lua in Resources */ = {isa = PBXBuildFile; fileRef = 07E08172150FDB6C0097185E /* howto.lua */; };
		07E08175150FEE0D0097185E /* howto0.png in Resources */ = {isa = PBXBuildFile; fileRef = 07E08174150FEE0D0097185E /* howto0.png */; };
		07EBCA7414FB1C51005E6769 /* easy_button_selected.png in Resources */ = {isa = PBXBuildFile; fileRef = 07EBCA6714FB1C51005E6769 /* easy_button_selected.png */; };
		07EBCA7514FB1C51005E6769 /* easy_button.png in Resources */ = {isa = PBXBuildFile; fileRef = 07EBCA6814FB1C51005E6769 /* easy_button.png */; };
		07EBCA7614FB1C51005E6769 /* hard_button_selected.png in Resources */ = {isa = PBXBuildFile; fileRef = 07EBCA6914FB1C51005E6769 /* hard_button_selected.png */; };
		07EBCA7714FB1C51005E6769 /* hard_button.png in Resources */ = {isa = PBXBuildFile; fileRef = 07EBCA6A14FB1C51005E6769 /* hard_button.png */; };
		07EBCA7814FB1C51005E6769 /* howto_button_selected.png in Resources */ = {isa = PBXBuildFile; fileRef = 07EBCA6B14FB1C51005E6769 /* howto_button_selected.png */; };
		07EBCA7914FB1C51005E6769 /* howto_button.png in Resources */ = {isa = PBXBuildFile; fileRef = 07EBCA6C14FB1C51005E6769 /* howto_button.png */; };
		07EBCA7A14FB1C51005E6769 /* menu_background.png in Resources */ = {isa = PBXBuildFile; fileRef = 07EBCA6D14FB1C51005E6769 /* menu_background.png */; };
		07EBCA7B14FB1C51005E6769 /* music_selected.png in Resources */ = {isa = PBXBuildFile; fileRef = 07EBCA6E14FB1C51005E6769 /* music_selected.png */; };
		07EBCA7C14FB1C51005E6769 /* music.png in Resources */ = {isa = PBXBuildFile; fileRef = 07EBCA6F14FB1C51005E6769 /* music.png */; };
		07EBCA7D14FB1C51005E6769 /* normal_button_selected.png in Resources */ = {isa = PBXBuildFile; fileRef = 07EBCA7014FB1C51005E6769 /* normal_button_selected.png */; };
		07EBCA7E14FB1C51005E6769 /* normal_button.png in Resources */ = {isa = PBXBuildFile; fileRef = 07EBCA7114FB1C51005E6769 /* normal_button.png */; };
		07EBCA7F14FB1C51005E6769 /* play_button_selected.png in Resources */ = {isa = PBXBuildFile; fileRef = 07EBCA7214FB1C51005E6769 /* play_button_selected.png */; };
		07EBCA8014FB1C51005E6769 /* play_button.png in Resources */ = {isa = PBXBuildFile; fileRef = 07EBCA7314FB1C51005E6769 /* play_button.png */; };
		07EBCA8414FC3140005E6769 /* MenuWindow.m in Sources */ = {isa = PBXBuildFile; fileRef = 07EBCA8314FC3140005E6769 /* MenuWindow.m */; };
		07EC8A5714C22F9700C388AD /* KWUtility.m in Sources */ = {isa = PBXBuildFile; fileRef = 07EC8A5614C22F9700C388AD /* KWUtility.m */; };
		07F20B8114C4EB59003D6237 /* tinymt32.c in Sources */ = {isa = PBXBuildFile; fileRef = 07F20B7F14C4EB59003D6237 /* tinymt32.c */; };
		07F20B8414C4EC07003D6237 /* KWRandom.m in Sources */ = {isa = PBXBuildFile; fileRef = 07F20B8314C4EC07003D6237 /* KWRandom.m */; };
		07F70ED314D4090A00B43B30 /* Motion.m in Sources */ = {isa = PBXBuildFile; fileRef = 07F70ED014D4090A00B43B30 /* Motion.m */; };
		07F70ED414D4090A00B43B30 /* MotionDetector.m in Sources */ = {isa = PBXBuildFile; fileRef = 07F70ED214D4090A00B43B30 /* MotionDetector.m */; };
		07F70ED814D4094200B43B30 /* Score.m in Sources */ = {isa = PBXBuildFile; fileRef = 07F70ED714D4094200B43B30 /* Score.m */; };
		07F70EE114D40B0A00B43B30 /* musics.lua in Resources */ = {isa = PBXBuildFile; fileRef = 07F70EE014D40B0A00B43B30 /* musics.lua */; };
		6246649514D478C600F5A356 /* LoopMusic.m in Sources */ = {isa = PBXBuildFile; fileRef = 6246649214D478C600F5A356 /* LoopMusic.m */; };
		DC65615C13A969B600A7AC53 /* libbox2d-ios.a in Frameworks */ = {isa = PBXBuildFile; fileRef = DC65615013A969B600A7AC53 /* libbox2d-ios.a */; };
		DC65615D13A969B600A7AC53 /* libchipmunk-ios.a in Frameworks */ = {isa = PBXBuildFile; fileRef = DC65615113A969B600A7AC53 /* libchipmunk-ios.a */; };
		DC65615E13A969B600A7AC53 /* libchipmunk-spacemanager-ios.a in Frameworks */ = {isa = PBXBuildFile; fileRef = DC65615213A969B600A7AC53 /* libchipmunk-spacemanager-ios.a */; };
		DC65616013A969B600A7AC53 /* libcocos2d-extensions-ios.a in Frameworks */ = {isa = PBXBuildFile; fileRef = DC65615413A969B600A7AC53 /* libcocos2d-extensions-ios.a */; };
		DC65616113A969B600A7AC53 /* libcocos2d-ios.a in Frameworks */ = {isa = PBXBuildFile; fileRef = DC65615513A969B600A7AC53 /* libcocos2d-ios.a */; };
		DC65616213A969B600A7AC53 /* libcocos3d-ios.a in Frameworks */ = {isa = PBXBuildFile; fileRef = DC65615613A969B600A7AC53 /* libcocos3d-ios.a */; };
		DC65616313A969B600A7AC53 /* libcocosdenshion-ios.a in Frameworks */ = {isa = PBXBuildFile; fileRef = DC65615713A969B600A7AC53 /* libcocosdenshion-ios.a */; };
		DC65616413A969B600A7AC53 /* libkobold2d-ios.a in Frameworks */ = {isa = PBXBuildFile; fileRef = DC65615813A969B600A7AC53 /* libkobold2d-ios.a */; };
		DC65616513A969B600A7AC53 /* libobjectal-ios.a in Frameworks */ = {isa = PBXBuildFile; fileRef = DC65615913A969B600A7AC53 /* libobjectal-ios.a */; };
		DC65616613A969B600A7AC53 /* libsneakyinput-ios.a in Frameworks */ = {isa = PBXBuildFile; fileRef = DC65615A13A969B600A7AC53 /* libsneakyinput-ios.a */; };
		DC65616713A969B600A7AC53 /* libwax-ios.a in Frameworks */ = {isa = PBXBuildFile; fileRef = DC65615B13A969B600A7AC53 /* libwax-ios.a */; };
		DCC1A0FC13A94ED5005BD75D /* fps_images.png in Resources */ = {isa = PBXBuildFile; fileRef = DCC1A0FB13A94ED5005BD75D /* fps_images.png */; };
		DCC1A0FE13A94ED5005BD75D /* Icon-72.png in Resources */ = {isa = PBXBuildFile; fileRef = DCC1A0FD13A94ED5005BD75D /* Icon-72.png */; };
		DCC1A10013A94ED5005BD75D /* Icon-Small-50.png in Resources */ = {isa = PBXBuildFile; fileRef = DCC1A0FF13A94ED5005BD75D /* Icon-Small-50.png */; };
		DCC1A10213A94ED5005BD75D /* Icon-Small.png in Resources */ = {isa = PBXBuildFile; fileRef = DCC1A10113A94ED5005BD75D /* Icon-Small.png */; };
		DCC1A10413A94ED5005BD75D /* Icon-Small@2x.png in Resources */ = {isa = PBXBuildFile; fileRef = DCC1A10313A94ED5005BD75D /* Icon-Small@2x.png */; };
		DCC1A10613A94ED5005BD75D /* Icon.png in Resources */ = {isa = PBXBuildFile; fileRef = DCC1A10513A94ED5005BD75D /* Icon.png */; };
		DCC1A10813A94ED5005BD75D /* Icon@2x.png in Resources */ = {isa = PBXBuildFile; fileRef = DCC1A10713A94ED5005BD75D /* Icon@2x.png */; };
		DCC1A10B13A94ED5005BD75D /* iTunesArtwork in Resources */ = {isa = PBXBuildFile; fileRef = DCC1A10A13A94ED5005BD75D /* iTunesArtwork */; };
		DCC1A3A913A94F1A005BD75D /* AppDelegate.m in Sources */ = {isa = PBXBuildFile; fileRef = DCC1A38E13A94F1A005BD75D /* AppDelegate.m */; };
		DCC1A3AD13A94F1A005BD75D /* main.m in Sources */ = {isa = PBXBuildFile; fileRef = DCC1A39113A94F1A005BD75D /* main.m */; };
		DCC1A3AF13A94F1A005BD75D /* config.lua in Resources */ = {isa = PBXBuildFile; fileRef = DCC1A39513A94F1A005BD75D /* config.lua */; };
/* End PBXBuildFile section */

/* Begin PBXFileReference section */
		070C1CB514DAAC9300889A72 /* Loop_Underground_0.caf */ = {isa = PBXFileReference; lastKnownFileType = file; path = Loop_Underground_0.caf; sourceTree = "<group>"; };
		070C1CB614DAAC9300889A72 /* Loop_Underground_1.caf */ = {isa = PBXFileReference; lastKnownFileType = file; path = Loop_Underground_1.caf; sourceTree = "<group>"; };
		070C1CB714DAAC9400889A72 /* Loop_Underground_2.caf */ = {isa = PBXFileReference; lastKnownFileType = file; path = Loop_Underground_2.caf; sourceTree = "<group>"; };
		070C1CB814DAAC9400889A72 /* Loop_Underground_3.caf */ = {isa = PBXFileReference; lastKnownFileType = file; path = Loop_Underground_3.caf; sourceTree = "<group>"; };
		073E0C5D150221F900FA7FD6 /* replay_button_selected.png */ = {isa = PBXFileReference; lastKnownFileType = image.png; path = replay_button_selected.png; sourceTree = "<group>"; };
		073E0C5E150221F900FA7FD6 /* replay_button.png */ = {isa = PBXFileReference; lastKnownFileType = image.png; path = replay_button.png; sourceTree = "<group>"; };
		073E0C5F150221F900FA7FD6 /* title_button_selected.png */ = {isa = PBXFileReference; lastKnownFileType = image.png; path = title_button_selected.png; sourceTree = "<group>"; };
		073E0C60150221F900FA7FD6 /* title_button.png */ = {isa = PBXFileReference; lastKnownFileType = image.png; path = title_button.png; sourceTree = "<group>"; };
		0741723714ED620E0022D9F1 /* Loop_3_0.caf */ = {isa = PBXFileReference; lastKnownFileType = file; name = Loop_3_0.caf; path = ../../../../../../Dropbox/LoopyLooper/resources/sound/Loop_3/Loop_3_0.caf; sourceTree = "<group>"; };
		0741723814ED620E0022D9F1 /* Loop_3_1.caf */ = {isa = PBXFileReference; lastKnownFileType = file; name = Loop_3_1.caf; path = ../../../../../../Dropbox/LoopyLooper/resources/sound/Loop_3/Loop_3_1.caf; sourceTree = "<group>"; };
		0741723914ED620E0022D9F1 /* Loop_3_2.caf */ = {isa = PBXFileReference; lastKnownFileType = file; name = Loop_3_2.caf; path = ../../../../../../Dropbox/LoopyLooper/resources/sound/Loop_3/Loop_3_2.caf; sourceTree = "<group>"; };
		0741723A14ED620E0022D9F1 /* Loop_3_3.caf */ = {isa = PBXFileReference; lastKnownFileType = file; name = Loop_3_3.caf; path = ../../../../../../Dropbox/LoopyLooper/resources/sound/Loop_3/Loop_3_3.caf; sourceTree = "<group>"; };
		0741723F14ED63400022D9F1 /* status.png */ = {isa = PBXFileReference; lastKnownFileType = image.png; path = status.png; sourceTree = "<group>"; };
		0741724814EE4FD70022D9F1 /* KWMessageWindow.h */ = {isa = PBXFileReference; fileEncoding = 4; lastKnownFileType = sourcecode.c.h; path = KWMessageWindow.h; sourceTree = "<group>"; };
		0741724914EE4FD70022D9F1 /* KWMessageWindow.m */ = {isa = PBXFileReference; fileEncoding = 4; lastKnownFileType = sourcecode.c.objc; path = KWMessageWindow.m; sourceTree = "<group>"; };
		075A497514BD81BB0047AAD2 /* KWMusicManager.h */ = {isa = PBXFileReference; fileEncoding = 4; lastKnownFileType = sourcecode.c.h; path = KWMusicManager.h; sourceTree = "<group>"; };
		075A497614BD81BB0047AAD2 /* KWMusicManager.m */ = {isa = PBXFileReference; fileEncoding = 4; lastKnownFileType = sourcecode.c.objc; path = KWMusicManager.m; sourceTree = "<group>"; };
		075A498314BEB3690047AAD2 /* KWDrawingPrimitives.h */ = {isa = PBXFileReference; fileEncoding = 4; lastKnownFileType = sourcecode.c.h; path = KWDrawingPrimitives.h; sourceTree = "<group>"; };
		075A498414BEB36A0047AAD2 /* KWDrawingPrimitives.m */ = {isa = PBXFileReference; fileEncoding = 4; lastKnownFileType = sourcecode.c.objc; path = KWDrawingPrimitives.m; sourceTree = "<group>"; };
		076D1B5514D42E15005EA04E /* 1.caf */ = {isa = PBXFileReference; lastKnownFileType = file; path = 1.caf; sourceTree = "<group>"; };
		076D1B5614D42E15005EA04E /* 2.caf */ = {isa = PBXFileReference; lastKnownFileType = file; path = 2.caf; sourceTree = "<group>"; };
		076D1B5814D42E15005EA04E /* Loop_Poppy_0.caf */ = {isa = PBXFileReference; lastKnownFileType = file; path = Loop_Poppy_0.caf; sourceTree = "<group>"; };
		076D1B5914D42E15005EA04E /* Loop_Poppy_1.caf */ = {isa = PBXFileReference; lastKnownFileType = file; path = Loop_Poppy_1.caf; sourceTree = "<group>"; };
		076D1B5A14D42E15005EA04E /* Loop_Poppy_2.caf */ = {isa = PBXFileReference; lastKnownFileType = file; path = Loop_Poppy_2.caf; sourceTree = "<group>"; };
		076D1B5B14D42E15005EA04E /* Loop_Poppy_3.caf */ = {isa = PBXFileReference; lastKnownFileType = file; path = Loop_Poppy_3.caf; sourceTree = "<group>"; };
		076D1B7314D49874005EA04E /* bell.caf */ = {isa = PBXFileReference; lastKnownFileType = file; path = bell.caf; sourceTree = "<group>"; };
		076D1B7414D49874005EA04E /* invalid0.caf */ = {isa = PBXFileReference; lastKnownFileType = file; path = invalid0.caf; sourceTree = "<group>"; };
		076D1B7514D49874005EA04E /* invalid1.caf */ = {isa = PBXFileReference; lastKnownFileType = file; path = invalid1.caf; sourceTree = "<group>"; };
		076D1B7614D49874005EA04E /* valid.caf */ = {isa = PBXFileReference; lastKnownFileType = file; path = valid.caf; sourceTree = "<group>"; };
		076D1B7C14D4AADB005EA04E /* CutIn.h */ = {isa = PBXFileReference; fileEncoding = 4; lastKnownFileType = sourcecode.c.h; name = CutIn.h; path = Main/CutIn.h; sourceTree = "<group>"; };
		076D1B7D14D4AADB005EA04E /* CutIn.m */ = {isa = PBXFileReference; fileEncoding = 4; lastKnownFileType = sourcecode.c.objc; name = CutIn.m; path = Main/CutIn.m; sourceTree = "<group>"; };
		076D1B8614D4B16E005EA04E /* 3.caf */ = {isa = PBXFileReference; lastKnownFileType = file; path = 3.caf; sourceTree = "<group>"; };
		076D1B8714D4B16E005EA04E /* 4.caf */ = {isa = PBXFileReference; lastKnownFileType = file; path = 4.caf; sourceTree = "<group>"; };
		076D1B8814D4B16E005EA04E /* 5.caf */ = {isa = PBXFileReference; lastKnownFileType = file; path = 5.caf; sourceTree = "<group>"; };
		07831F6F14B23C7D00C6FC96 /* kawaz-hd.png */ = {isa = PBXFileReference; lastKnownFileType = image.png; path = "kawaz-hd.png"; sourceTree = "<group>"; };
		07831F7014B23C7D00C6FC96 /* kawaz.png */ = {isa = PBXFileReference; lastKnownFileType = image.png; path = kawaz.png; sourceTree = "<group>"; };
		07831F7A14B23CC400C6FC96 /* heqet.h */ = {isa = PBXFileReference; fileEncoding = 4; lastKnownFileType = sourcecode.c.h; path = heqet.h; sourceTree = "<group>"; };
		07831F7D14B23CC400C6FC96 /* KWLayer.h */ = {isa = PBXFileReference; fileEncoding = 4; lastKnownFileType = sourcecode.c.h; path = KWLayer.h; sourceTree = "<group>"; };
		07831F7E14B23CC400C6FC96 /* KWLayer.m */ = {isa = PBXFileReference; fileEncoding = 4; lastKnownFileType = sourcecode.c.objc; path = KWLayer.m; sourceTree = "<group>"; };
		07831F7F14B23CC400C6FC96 /* KWState.h */ = {isa = PBXFileReference; fileEncoding = 4; lastKnownFileType = sourcecode.c.h; path = KWState.h; sourceTree = "<group>"; };
		07831F8014B23CC400C6FC96 /* KWState.m */ = {isa = PBXFileReference; fileEncoding = 4; lastKnownFileType = sourcecode.c.objc; path = KWState.m; sourceTree = "<group>"; };
		07831F8114B23CC400C6FC96 /* KWStateManager.h */ = {isa = PBXFileReference; fileEncoding = 4; lastKnownFileType = sourcecode.c.h; path = KWStateManager.h; sourceTree = "<group>"; };
		07831F8214B23CC400C6FC96 /* KWStateManager.m */ = {isa = PBXFileReference; fileEncoding = 4; lastKnownFileType = sourcecode.c.objc; path = KWStateManager.m; sourceTree = "<group>"; };
		07831F8914B23CC400C6FC96 /* KWSingleton.h */ = {isa = PBXFileReference; fileEncoding = 4; lastKnownFileType = sourcecode.c.h; path = KWSingleton.h; sourceTree = "<group>"; };
		07831F8A14B23CC400C6FC96 /* KWSingleton.m */ = {isa = PBXFileReference; fileEncoding = 4; lastKnownFileType = sourcecode.c.objc; path = KWSingleton.m; sourceTree = "<group>"; };
		07831F8B14B23CC400C6FC96 /* KWTimer.h */ = {isa = PBXFileReference; fileEncoding = 4; lastKnownFileType = sourcecode.c.h; path = KWTimer.h; sourceTree = "<group>"; };
		07831F8C14B23CC400C6FC96 /* KWTimer.m */ = {isa = PBXFileReference; fileEncoding = 4; lastKnownFileType = sourcecode.c.objc; path = KWTimer.m; sourceTree = "<group>"; };
		07831F8D14B23CC400C6FC96 /* KWVector.h */ = {isa = PBXFileReference; fileEncoding = 4; lastKnownFileType = sourcecode.c.h; path = KWVector.h; sourceTree = "<group>"; };
		07831F8E14B23CC400C6FC96 /* KWVector.m */ = {isa = PBXFileReference; fileEncoding = 4; lastKnownFileType = sourcecode.c.objc; path = KWVector.m; sourceTree = "<group>"; };
		07831F8F14B23CC400C6FC96 /* NSArrayExtension.h */ = {isa = PBXFileReference; fileEncoding = 4; lastKnownFileType = sourcecode.c.h; path = NSArrayExtension.h; sourceTree = "<group>"; };
		07831F9014B23CC400C6FC96 /* NSArrayExtension.m */ = {isa = PBXFileReference; fileEncoding = 4; lastKnownFileType = sourcecode.c.objc; path = NSArrayExtension.m; sourceTree = "<group>"; };
		07831F9C14B2428D00C6FC96 /* CCSpriteExtension.h */ = {isa = PBXFileReference; fileEncoding = 4; lastKnownFileType = sourcecode.c.h; path = CCSpriteExtension.h; sourceTree = "<group>"; };
		07831F9D14B2428D00C6FC96 /* CCSpriteExtension.m */ = {isa = PBXFileReference; fileEncoding = 4; lastKnownFileType = sourcecode.c.objc; path = CCSpriteExtension.m; sourceTree = "<group>"; };
		078780901508EA4500074F69 /* lifegauge.png */ = {isa = PBXFileReference; lastKnownFileType = image.png; path = lifegauge.png; sourceTree = "<group>"; };
		07BA25EE14D33DAF00458AEA /* CCAnimationExtension.h */ = {isa = PBXFileReference; fileEncoding = 4; lastKnownFileType = sourcecode.c.h; path = CCAnimationExtension.h; sourceTree = "<group>"; };
		07BA25EF14D33DAF00458AEA /* CCAnimationExtension.m */ = {isa = PBXFileReference; fileEncoding = 4; lastKnownFileType = sourcecode.c.objc; path = CCAnimationExtension.m; sourceTree = "<group>"; };
		07C0721314D50DD200672794 /* cut_in_boss1.png */ = {isa = PBXFileReference; lastKnownFileType = image.png; path = cut_in_boss1.png; sourceTree = "<group>"; };
		07C0721A14D50E2300672794 /* SeekBar.h */ = {isa = PBXFileReference; fileEncoding = 4; lastKnownFileType = sourcecode.c.h; name = SeekBar.h; path = Main/SeekBar.h; sourceTree = "<group>"; };
		07C0721B14D50E2300672794 /* SeekBar.m */ = {isa = PBXFileReference; fileEncoding = 4; lastKnownFileType = sourcecode.c.objc; name = SeekBar.m; path = Main/SeekBar.m; sourceTree = "<group>"; };
		07C420BF14FEFA8F0002CB1C /* pause.wav */ = {isa = PBXFileReference; lastKnownFileType = audio.wav; path = pause.wav; sourceTree = "<group>"; };
		07C420C214FEFAA50002CB1C /* Gameover.caf */ = {isa = PBXFileReference; lastKnownFileType = file; path = Gameover.caf; sourceTree = "<group>"; };
		07C420C314FEFAA50002CB1C /* Result.caf */ = {isa = PBXFileReference; lastKnownFileType = file; path = Result.caf; sourceTree = "<group>"; };
		07C420C414FEFAA50002CB1C /* Theme.caf */ = {isa = PBXFileReference; lastKnownFileType = file; path = Theme.caf; sourceTree = "<group>"; };
		07C65EAC14E9925300EE1391 /* melody.plist */ = {isa = PBXFileReference; fileEncoding = 4; lastKnownFileType = text.plist.xml; name = melody.plist; path = Particle/melody.plist; sourceTree = "<group>"; };
		07C65EAF14E9961F00EE1391 /* background.plist */ = {isa = PBXFileReference; fileEncoding = 4; lastKnownFileType = text.plist.xml; name = background.plist; path = Particle/background.plist; sourceTree = "<group>"; };
		07C65EB114E9987900EE1391 /* KWCounterLabel.h */ = {isa = PBXFileReference; fileEncoding = 4; lastKnownFileType = sourcecode.c.h; path = KWCounterLabel.h; sourceTree = "<group>"; };
		07C65EB214E9987900EE1391 /* KWCounterLabel.m */ = {isa = PBXFileReference; fileEncoding = 4; lastKnownFileType = sourcecode.c.objc; path = KWCounterLabel.m; sourceTree = "<group>"; };
		07C65EBF14EBB19B00EE1391 /* ready.png */ = {isa = PBXFileReference; lastKnownFileType = image.png; path = ready.png; sourceTree = "<group>"; };
		07C65EC014EBB19B00EE1391 /* seek_background.png */ = {isa = PBXFileReference; lastKnownFileType = image.png; path = seek_background.png; sourceTree = "<group>"; };
		07C65EC114EBB19B00EE1391 /* seek_marker0.png */ = {isa = PBXFileReference; lastKnownFileType = image.png; path = seek_marker0.png; sourceTree = "<group>"; };
		07C65EC214EBB19B00EE1391 /* seek_marker1.png */ = {isa = PBXFileReference; lastKnownFileType = image.png; path = seek_marker1.png; sourceTree = "<group>"; };
		07C65EC314EBB19B00EE1391 /* seekbar.png */ = {isa = PBXFileReference; lastKnownFileType = image.png; path = seekbar.png; sourceTree = "<group>"; };
		07C65EC414EBB19B00EE1391 /* t1_0.png */ = {isa = PBXFileReference; lastKnownFileType = image.png; path = t1_0.png; sourceTree = "<group>"; };
		07C65EC514EBB19B00EE1391 /* t1_2.png */ = {isa = PBXFileReference; lastKnownFileType = image.png; path = t1_2.png; sourceTree = "<group>"; };
		07C65EC614EBB19B00EE1391 /* t2_0.png */ = {isa = PBXFileReference; lastKnownFileType = image.png; path = t2_0.png; sourceTree = "<group>"; };
		07C65EC714EBB19B00EE1391 /* t3_0.png */ = {isa = PBXFileReference; lastKnownFileType = image.png; path = t3_0.png; sourceTree = "<group>"; };
		07C65EC814EBB19B00EE1391 /* t3_1.png */ = {isa = PBXFileReference; lastKnownFileType = image.png; path = t3_1.png; sourceTree = "<group>"; };
		07C65EC914EBB19B00EE1391 /* t4_0.png */ = {isa = PBXFileReference; lastKnownFileType = image.png; path = t4_0.png; sourceTree = "<group>"; };
		07C65ECA14EBB19B00EE1391 /* t5_0.png */ = {isa = PBXFileReference; lastKnownFileType = image.png; path = t5_0.png; sourceTree = "<group>"; };
		07C65EDE14EC13C600EE1391 /* cutin.plist */ = {isa = PBXFileReference; fileEncoding = 4; lastKnownFileType = text.plist.xml; name = cutin.plist; path = Projectfiles/Resources/Particle/cutin.plist; sourceTree = SOURCE_ROOT; };
		07D41EA414EE516300D91359 /* KWMessageWindowDelegate.h */ = {isa = PBXFileReference; fileEncoding = 4; lastKnownFileType = sourcecode.c.h; path = KWMessageWindowDelegate.h; sourceTree = "<group>"; };
		07D41EA614EEE8A500D91359 /* HowtoLayer.h */ = {isa = PBXFileReference; fileEncoding = 4; lastKnownFileType = sourcecode.c.h; name = HowtoLayer.h; path = Scene/HowtoLayer.h; sourceTree = "<group>"; };
		07D41EA714EEE8A500D91359 /* HowtoLayer.m */ = {isa = PBXFileReference; fileEncoding = 4; lastKnownFileType = sourcecode.c.objc; name = HowtoLayer.m; path = Scene/HowtoLayer.m; sourceTree = "<group>"; };
		07D41EA814EEE8A500D91359 /* LogoLayer.h */ = {isa = PBXFileReference; fileEncoding = 4; lastKnownFileType = sourcecode.c.h; name = LogoLayer.h; path = Scene/LogoLayer.h; sourceTree = "<group>"; };
		07D41EA914EEE8A500D91359 /* LogoLayer.m */ = {isa = PBXFileReference; fileEncoding = 4; lastKnownFileType = sourcecode.c.objc; name = LogoLayer.m; path = Scene/LogoLayer.m; sourceTree = "<group>"; };
		07D41EAA14EEE8A500D91359 /* MainLayer.h */ = {isa = PBXFileReference; fileEncoding = 4; lastKnownFileType = sourcecode.c.h; name = MainLayer.h; path = Scene/MainLayer.h; sourceTree = "<group>"; };
		07D41EAB14EEE8A500D91359 /* MainLayer.m */ = {isa = PBXFileReference; fileEncoding = 4; lastKnownFileType = sourcecode.c.objc; name = MainLayer.m; path = Scene/MainLayer.m; sourceTree = "<group>"; };
		07D41EAC14EEE8A500D91359 /* MenuLayer.h */ = {isa = PBXFileReference; fileEncoding = 4; lastKnownFileType = sourcecode.c.h; name = MenuLayer.h; path = Scene/MenuLayer.h; sourceTree = "<group>"; };
		07D41EAD14EEE8A500D91359 /* MenuLayer.m */ = {isa = PBXFileReference; fileEncoding = 4; lastKnownFileType = sourcecode.c.objc; name = MenuLayer.m; path = Scene/MenuLayer.m; sourceTree = "<group>"; };
		07D41EAE14EEE8A500D91359 /* ResultLayer.h */ = {isa = PBXFileReference; fileEncoding = 4; lastKnownFileType = sourcecode.c.h; name = ResultLayer.h; path = Scene/ResultLayer.h; sourceTree = "<group>"; };
		07D41EAF14EEE8A500D91359 /* ResultLayer.m */ = {isa = PBXFileReference; fileEncoding = 4; lastKnownFileType = sourcecode.c.objc; name = ResultLayer.m; path = Scene/ResultLayer.m; sourceTree = "<group>"; };
		07D41EB014EEE8A500D91359 /* TitleLayer.h */ = {isa = PBXFileReference; fileEncoding = 4; lastKnownFileType = sourcecode.c.h; name = TitleLayer.h; path = Scene/TitleLayer.h; sourceTree = "<group>"; };
		07D41EB114EEE8A500D91359 /* TitleLayer.m */ = {isa = PBXFileReference; fileEncoding = 4; lastKnownFileType = sourcecode.c.objc; name = TitleLayer.m; path = Scene/TitleLayer.m; sourceTree = "<group>"; };
		07D41EB814EEEA3400D91359 /* kawaz-ipad.png */ = {isa = PBXFileReference; lastKnownFileType = image.png; name = "kawaz-ipad.png"; path = "Projectfiles/Resources/kawaz-ipad.png"; sourceTree = SOURCE_ROOT; };
		07D41EC114F0F51B00D91359 /* finish.png */ = {isa = PBXFileReference; lastKnownFileType = image.png; path = finish.png; sourceTree = "<group>"; };
		07D41EC214F0F51B00D91359 /* gameover.png */ = {isa = PBXFileReference; lastKnownFileType = image.png; path = gameover.png; sourceTree = "<group>"; };
		07D41EC314F0F51B00D91359 /* pause.png */ = {isa = PBXFileReference; lastKnownFileType = image.png; path = pause.png; sourceTree = "<group>"; };
		07D41ECA14F0FDA500D91359 /* bad.png */ = {isa = PBXFileReference; lastKnownFileType = image.png; path = bad.png; sourceTree = "<group>"; };
		07D41ECB14F0FDA600D91359 /* great.png */ = {isa = PBXFileReference; lastKnownFileType = image.png; path = great.png; sourceTree = "<group>"; };
		07D41ECC14F0FDA600D91359 /* miss.png */ = {isa = PBXFileReference; lastKnownFileType = image.png; path = miss.png; sourceTree = "<group>"; };
		07D41ECD14F0FDA600D91359 /* ok.png */ = {isa = PBXFileReference; lastKnownFileType = image.png; path = ok.png; sourceTree = "<group>"; };
		07D41ED214F0FEE900D91359 /* go.png */ = {isa = PBXFileReference; lastKnownFileType = image.png; path = go.png; sourceTree = "<group>"; };
		07D41ED414F1058000D91359 /* StatusBar.h */ = {isa = PBXFileReference; fileEncoding = 4; lastKnownFileType = sourcecode.c.h; name = StatusBar.h; path = Main/StatusBar.h; sourceTree = "<group>"; };
		07D41ED514F1058000D91359 /* StatusBar.m */ = {isa = PBXFileReference; fileEncoding = 4; lastKnownFileType = sourcecode.c.objc; name = StatusBar.m; path = Main/StatusBar.m; sourceTree = "<group>"; };
		07D41ED714F13C4A00D91359 /* menu.png */ = {isa = PBXFileReference; lastKnownFileType = image.png; path = menu.png; sourceTree = "<group>"; };
		07D41ED914F13DB800D91359 /* frame.png */ = {isa = PBXFileReference; lastKnownFileType = image.png; path = frame.png; sourceTree = "<group>"; };
		07D41EDA14F13DB800D91359 /* gauge_left.png */ = {isa = PBXFileReference; lastKnownFileType = image.png; path = gauge_left.png; sourceTree = "<group>"; };
		07D41EDB14F13DB800D91359 /* gauge_right.png */ = {isa = PBXFileReference; lastKnownFileType = image.png; path = gauge_right.png; sourceTree = "<group>"; };
		07D41EDC14F13DB900D91359 /* gauge0.png */ = {isa = PBXFileReference; lastKnownFileType = image.png; path = gauge0.png; sourceTree = "<group>"; };
		07D41EDD14F13DBA00D91359 /* gauge1.png */ = {isa = PBXFileReference; lastKnownFileType = image.png; path = gauge1.png; sourceTree = "<group>"; };
		07D41EDE14F13DBA00D91359 /* gauge2.png */ = {isa = PBXFileReference; lastKnownFileType = image.png; path = gauge2.png; sourceTree = "<group>"; };
		07D41EE514F217C900D91359 /* level_badge.png */ = {isa = PBXFileReference; lastKnownFileType = image.png; path = level_badge.png; sourceTree = "<group>"; };
		07D41EE714F21BD700D91359 /* logo.png */ = {isa = PBXFileReference; lastKnownFileType = image.png; path = logo.png; sourceTree = "<group>"; };
		07D643FC14CB2DC900B0910C /* KWScrollLayer.h */ = {isa = PBXFileReference; fileEncoding = 4; lastKnownFileType = sourcecode.c.h; path = KWScrollLayer.h; sourceTree = "<group>"; };
		07D643FD14CB2DC900B0910C /* KWScrollLayer.m */ = {isa = PBXFileReference; fileEncoding = 4; lastKnownFileType = sourcecode.c.objc; path = KWScrollLayer.m; sourceTree = "<group>"; };
		07D6440114CB2E7B00B0910C /* KWGauge.h */ = {isa = PBXFileReference; fileEncoding = 4; lastKnownFileType = sourcecode.c.h; path = KWGauge.h; sourceTree = "<group>"; };
		07D6440214CB2E7B00B0910C /* KWGauge.m */ = {isa = PBXFileReference; fileEncoding = 4; lastKnownFileType = sourcecode.c.objc; path = KWGauge.m; sourceTree = "<group>"; };
		07D6440314CB2E7B00B0910C /* KWPieChart.h */ = {isa = PBXFileReference; fileEncoding = 4; lastKnownFileType = sourcecode.c.h; path = KWPieChart.h; sourceTree = "<group>"; };
		07D6440414CB2E7B00B0910C /* KWPieChart.m */ = {isa = PBXFileReference; fileEncoding = 4; lastKnownFileType = sourcecode.c.objc; path = KWPieChart.m; sourceTree = "<group>"; };
		07D6440514CB2E7B00B0910C /* KWTimerLabel.h */ = {isa = PBXFileReference; fileEncoding = 4; lastKnownFileType = sourcecode.c.h; path = KWTimerLabel.h; sourceTree = "<group>"; };
		07D6440614CB2E7B00B0910C /* KWTimerLabel.m */ = {isa = PBXFileReference; fileEncoding = 4; lastKnownFileType = sourcecode.c.objc; path = KWTimerLabel.m; sourceTree = "<group>"; };
		07E08158150FC2E00097185E /* difficulty.h */ = {isa = PBXFileReference; lastKnownFileType = sourcecode.c.h; name = difficulty.h; path = Main/difficulty.h; sourceTree = "<group>"; };
		07E0815B150FC5F30097185E /* easy0.lua */ = {isa = PBXFileReference; fileEncoding = 4; lastKnownFileType = text; name = easy0.lua; path = Score/easy0.lua; sourceTree = "<group>"; };
		07E0815C150FC5F30097185E /* easy1.lua */ = {isa = PBXFileReference; fileEncoding = 4; lastKnownFileType = text; name = easy1.lua; path = Score/easy1.lua; sourceTree = "<group>"; };
		07E0815D150FC5F30097185E /* easy2.lua */ = {isa = PBXFileReference; fileEncoding = 4; lastKnownFileType = text; name = easy2.lua; path = Score/easy2.lua; sourceTree = "<group>"; };
		07E0815E150FC5F30097185E /* hard0.lua */ = {isa = PBXFileReference; fileEncoding = 4; lastKnownFileType = text; name = hard0.lua; path = Score/hard0.lua; sourceTree = "<group>"; };
		07E0815F150FC5F30097185E /* hard1.lua */ = {isa = PBXFileReference; fileEncoding = 4; lastKnownFileType = text; name = hard1.lua; path = Score/hard1.lua; sourceTree = "<group>"; };
		07E08160150FC5F30097185E /* hard2.lua */ = {isa = PBXFileReference; fileEncoding = 4; lastKnownFileType = text; name = hard2.lua; path = Score/hard2.lua; sourceTree = "<group>"; };
		07E08161150FC5F30097185E /* normal0.lua */ = {isa = PBXFileReference; fileEncoding = 4; lastKnownFileType = text; name = normal0.lua; path = Score/normal0.lua; sourceTree = "<group>"; };
		07E08162150FC5F30097185E /* normal1.lua */ = {isa = PBXFileReference; fileEncoding = 4; lastKnownFileType = text; name = normal1.lua; path = Score/normal1.lua; sourceTree = "<group>"; };
		07E08163150FC5F30097185E /* normal2.lua */ = {isa = PBXFileReference; fileEncoding = 4; lastKnownFileType = text; name = normal2.lua; path = Score/normal2.lua; sourceTree = "<group>"; };
		07E08164150FC5F30097185E /* test.lua */ = {isa = PBXFileReference; fileEncoding = 4; lastKnownFileType = text; name = test.lua; path = Score/test.lua; sourceTree = "<group>"; };
		07E0816F150FC9440097185E /* SaveManager.h */ = {isa = PBXFileReference; fileEncoding = 4; lastKnownFileType = sourcecode.c.h; name = SaveManager.h; path = Main/SaveManager.h; sourceTree = "<group>"; };
		07E08170150FC9440097185E /* SaveManager.m */ = {isa = PBXFileReference; fileEncoding = 4; lastKnownFileType = sourcecode.c.objc; name = SaveManager.m; path = Main/SaveManager.m; sourceTree = "<group>"; };
		07E08172150FDB6C0097185E /* howto.lua */ = {isa = PBXFileReference; fileEncoding = 4; lastKnownFileType = text; path = howto.lua; sourceTree = "<group>"; };
		07E08174150FEE0D0097185E /* howto0.png */ = {isa = PBXFileReference; lastKnownFileType = image.png; path = howto0.png; sourceTree = "<group>"; };
		07EBCA6714FB1C51005E6769 /* easy_button_selected.png */ = {isa = PBXFileReference; lastKnownFileType = image.png; path = easy_button_selected.png; sourceTree = "<group>"; };
		07EBCA6814FB1C51005E6769 /* easy_button.png */ = {isa = PBXFileReference; lastKnownFileType = image.png; path = easy_button.png; sourceTree = "<group>"; };
		07EBCA6914FB1C51005E6769 /* hard_button_selected.png */ = {isa = PBXFileReference; lastKnownFileType = image.png; path = hard_button_selected.png; sourceTree = "<group>"; };
		07EBCA6A14FB1C51005E6769 /* hard_button.png */ = {isa = PBXFileReference; lastKnownFileType = image.png; path = hard_button.png; sourceTree = "<group>"; };
		07EBCA6B14FB1C51005E6769 /* howto_button_selected.png */ = {isa = PBXFileReference; lastKnownFileType = image.png; path = howto_button_selected.png; sourceTree = "<group>"; };
		07EBCA6C14FB1C51005E6769 /* howto_button.png */ = {isa = PBXFileReference; lastKnownFileType = image.png; path = howto_button.png; sourceTree = "<group>"; };
		07EBCA6D14FB1C51005E6769 /* menu_background.png */ = {isa = PBXFileReference; lastKnownFileType = image.png; path = menu_background.png; sourceTree = "<group>"; };
		07EBCA6E14FB1C51005E6769 /* music_selected.png */ = {isa = PBXFileReference; lastKnownFileType = image.png; path = music_selected.png; sourceTree = "<group>"; };
		07EBCA6F14FB1C51005E6769 /* music.png */ = {isa = PBXFileReference; lastKnownFileType = image.png; path = music.png; sourceTree = "<group>"; };
		07EBCA7014FB1C51005E6769 /* normal_button_selected.png */ = {isa = PBXFileReference; lastKnownFileType = image.png; path = normal_button_selected.png; sourceTree = "<group>"; };
		07EBCA7114FB1C51005E6769 /* normal_button.png */ = {isa = PBXFileReference; lastKnownFileType = image.png; path = normal_button.png; sourceTree = "<group>"; };
		07EBCA7214FB1C51005E6769 /* play_button_selected.png */ = {isa = PBXFileReference; lastKnownFileType = image.png; path = play_button_selected.png; sourceTree = "<group>"; };
		07EBCA7314FB1C51005E6769 /* play_button.png */ = {isa = PBXFileReference; lastKnownFileType = image.png; path = play_button.png; sourceTree = "<group>"; };
		07EBCA8214FC3140005E6769 /* MenuWindow.h */ = {isa = PBXFileReference; fileEncoding = 4; lastKnownFileType = sourcecode.c.h; name = MenuWindow.h; path = Scene/MenuWindow.h; sourceTree = "<group>"; };
		07EBCA8314FC3140005E6769 /* MenuWindow.m */ = {isa = PBXFileReference; fileEncoding = 4; lastKnownFileType = sourcecode.c.objc; name = MenuWindow.m; path = Scene/MenuWindow.m; sourceTree = "<group>"; };
		07EC8A5514C22F9700C388AD /* KWUtility.h */ = {isa = PBXFileReference; fileEncoding = 4; lastKnownFileType = sourcecode.c.h; path = KWUtility.h; sourceTree = "<group>"; };
		07EC8A5614C22F9700C388AD /* KWUtility.m */ = {isa = PBXFileReference; fileEncoding = 4; lastKnownFileType = sourcecode.c.objc; path = KWUtility.m; sourceTree = "<group>"; };
		07F20B7F14C4EB59003D6237 /* tinymt32.c */ = {isa = PBXFileReference; fileEncoding = 4; lastKnownFileType = sourcecode.c.c; path = tinymt32.c; sourceTree = "<group>"; };
		07F20B8014C4EB59003D6237 /* tinymt32.h */ = {isa = PBXFileReference; fileEncoding = 4; lastKnownFileType = sourcecode.c.h; path = tinymt32.h; sourceTree = "<group>"; };
		07F20B8214C4EC07003D6237 /* KWRandom.h */ = {isa = PBXFileReference; fileEncoding = 4; lastKnownFileType = sourcecode.c.h; path = KWRandom.h; sourceTree = "<group>"; };
		07F20B8314C4EC07003D6237 /* KWRandom.m */ = {isa = PBXFileReference; fileEncoding = 4; lastKnownFileType = sourcecode.c.objc; path = KWRandom.m; sourceTree = "<group>"; };
		07F70ECF14D4090A00B43B30 /* Motion.h */ = {isa = PBXFileReference; fileEncoding = 4; lastKnownFileType = sourcecode.c.h; name = Motion.h; path = Motion/Motion.h; sourceTree = "<group>"; };
		07F70ED014D4090A00B43B30 /* Motion.m */ = {isa = PBXFileReference; fileEncoding = 4; lastKnownFileType = sourcecode.c.objc; name = Motion.m; path = Motion/Motion.m; sourceTree = "<group>"; };
		07F70ED114D4090A00B43B30 /* MotionDetector.h */ = {isa = PBXFileReference; fileEncoding = 4; lastKnownFileType = sourcecode.c.h; name = MotionDetector.h; path = Motion/MotionDetector.h; sourceTree = "<group>"; };
		07F70ED214D4090A00B43B30 /* MotionDetector.m */ = {isa = PBXFileReference; fileEncoding = 4; lastKnownFileType = sourcecode.c.objc; name = MotionDetector.m; path = Motion/MotionDetector.m; sourceTree = "<group>"; };
		07F70ED614D4094200B43B30 /* Score.h */ = {isa = PBXFileReference; fileEncoding = 4; lastKnownFileType = sourcecode.c.h; name = Score.h; path = Music/Score.h; sourceTree = "<group>"; };
		07F70ED714D4094200B43B30 /* Score.m */ = {isa = PBXFileReference; fileEncoding = 4; lastKnownFileType = sourcecode.c.objc; name = Score.m; path = Music/Score.m; sourceTree = "<group>"; };
		07F70EE014D40B0A00B43B30 /* musics.lua */ = {isa = PBXFileReference; fileEncoding = 4; lastKnownFileType = text; name = musics.lua; path = Score/musics.lua; sourceTree = "<group>"; };
		6246649114D478C600F5A356 /* LoopMusic.h */ = {isa = PBXFileReference; fileEncoding = 4; lastKnownFileType = sourcecode.c.h; name = LoopMusic.h; path = Music/LoopMusic.h; sourceTree = "<group>"; };
		6246649214D478C600F5A356 /* LoopMusic.m */ = {isa = PBXFileReference; fileEncoding = 4; lastKnownFileType = sourcecode.c.objc; name = LoopMusic.m; path = Music/LoopMusic.m; sourceTree = "<group>"; };
		DC3BE97813B4FB71003739CC /* BuildSettings-iOS.xcconfig */ = {isa = PBXFileReference; lastKnownFileType = text.xcconfig; path = "BuildSettings-iOS.xcconfig"; sourceTree = "<group>"; };
		DC65615013A969B600A7AC53 /* libbox2d-ios.a */ = {isa = PBXFileReference; explicitFileType = archive.ar; path = "libbox2d-ios.a"; sourceTree = BUILT_PRODUCTS_DIR; };
		DC65615113A969B600A7AC53 /* libchipmunk-ios.a */ = {isa = PBXFileReference; explicitFileType = archive.ar; path = "libchipmunk-ios.a"; sourceTree = BUILT_PRODUCTS_DIR; };
		DC65615213A969B600A7AC53 /* libchipmunk-spacemanager-ios.a */ = {isa = PBXFileReference; explicitFileType = archive.ar; path = "libchipmunk-spacemanager-ios.a"; sourceTree = BUILT_PRODUCTS_DIR; };
		DC65615413A969B600A7AC53 /* libcocos2d-extensions-ios.a */ = {isa = PBXFileReference; explicitFileType = archive.ar; path = "libcocos2d-extensions-ios.a"; sourceTree = BUILT_PRODUCTS_DIR; };
		DC65615513A969B600A7AC53 /* libcocos2d-ios.a */ = {isa = PBXFileReference; explicitFileType = archive.ar; path = "libcocos2d-ios.a"; sourceTree = BUILT_PRODUCTS_DIR; };
		DC65615613A969B600A7AC53 /* libcocos3d-ios.a */ = {isa = PBXFileReference; explicitFileType = archive.ar; path = "libcocos3d-ios.a"; sourceTree = BUILT_PRODUCTS_DIR; };
		DC65615713A969B600A7AC53 /* libcocosdenshion-ios.a */ = {isa = PBXFileReference; explicitFileType = archive.ar; path = "libcocosdenshion-ios.a"; sourceTree = BUILT_PRODUCTS_DIR; };
		DC65615813A969B600A7AC53 /* libkobold2d-ios.a */ = {isa = PBXFileReference; explicitFileType = archive.ar; path = "libkobold2d-ios.a"; sourceTree = BUILT_PRODUCTS_DIR; };
		DC65615913A969B600A7AC53 /* libobjectal-ios.a */ = {isa = PBXFileReference; explicitFileType = archive.ar; path = "libobjectal-ios.a"; sourceTree = BUILT_PRODUCTS_DIR; };
		DC65615A13A969B600A7AC53 /* libsneakyinput-ios.a */ = {isa = PBXFileReference; explicitFileType = archive.ar; path = "libsneakyinput-ios.a"; sourceTree = BUILT_PRODUCTS_DIR; };
		DC65615B13A969B600A7AC53 /* libwax-ios.a */ = {isa = PBXFileReference; explicitFileType = archive.ar; path = "libwax-ios.a"; sourceTree = BUILT_PRODUCTS_DIR; };
		DC9C33E713B5024400931BF2 /* BuildSettings-Debug-Mac.xcconfig */ = {isa = PBXFileReference; lastKnownFileType = text.xcconfig; path = "BuildSettings-Debug-Mac.xcconfig"; sourceTree = "<group>"; };
		DC9C33E813B5024400931BF2 /* BuildSettings-Mac.xcconfig */ = {isa = PBXFileReference; lastKnownFileType = text.xcconfig; path = "BuildSettings-Mac.xcconfig"; sourceTree = "<group>"; };
		DC9C33E913B5024400931BF2 /* BuildSettings-Release-Mac.xcconfig */ = {isa = PBXFileReference; lastKnownFileType = text.xcconfig; path = "BuildSettings-Release-Mac.xcconfig"; sourceTree = "<group>"; };
		DCC1A0E313A94ED5005BD75D /* LoopyLooper-iOS.app */ = {isa = PBXFileReference; explicitFileType = wrapper.application; includeInIndex = 0; path = "LoopyLooper-iOS.app"; sourceTree = BUILT_PRODUCTS_DIR; };
		DCC1A0FB13A94ED5005BD75D /* fps_images.png */ = {isa = PBXFileReference; lastKnownFileType = image.png; name = fps_images.png; path = Resources/fps_images.png; sourceTree = "<group>"; };
		DCC1A0FD13A94ED5005BD75D /* Icon-72.png */ = {isa = PBXFileReference; lastKnownFileType = image.png; name = "Icon-72.png"; path = "Resources/Icon-72.png"; sourceTree = "<group>"; };
		DCC1A0FF13A94ED5005BD75D /* Icon-Small-50.png */ = {isa = PBXFileReference; lastKnownFileType = image.png; name = "Icon-Small-50.png"; path = "Resources/Icon-Small-50.png"; sourceTree = "<group>"; };
		DCC1A10113A94ED5005BD75D /* Icon-Small.png */ = {isa = PBXFileReference; lastKnownFileType = image.png; name = "Icon-Small.png"; path = "Resources/Icon-Small.png"; sourceTree = "<group>"; };
		DCC1A10313A94ED5005BD75D /* Icon-Small@2x.png */ = {isa = PBXFileReference; lastKnownFileType = image.png; name = "Icon-Small@2x.png"; path = "Resources/Icon-Small@2x.png"; sourceTree = "<group>"; };
		DCC1A10513A94ED5005BD75D /* Icon.png */ = {isa = PBXFileReference; lastKnownFileType = image.png; name = Icon.png; path = Resources/Icon.png; sourceTree = "<group>"; };
		DCC1A10713A94ED5005BD75D /* Icon@2x.png */ = {isa = PBXFileReference; lastKnownFileType = image.png; name = "Icon@2x.png"; path = "Resources/Icon@2x.png"; sourceTree = "<group>"; };
		DCC1A10913A94ED5005BD75D /* Info.plist */ = {isa = PBXFileReference; lastKnownFileType = text.plist.xml; name = Info.plist; path = Resources/Info.plist; sourceTree = "<group>"; };
		DCC1A10A13A94ED5005BD75D /* iTunesArtwork */ = {isa = PBXFileReference; lastKnownFileType = file; name = iTunesArtwork; path = Resources/iTunesArtwork; sourceTree = "<group>"; };
		DCC1A38D13A94F1A005BD75D /* AppDelegate.h */ = {isa = PBXFileReference; fileEncoding = 4; lastKnownFileType = sourcecode.c.h; path = AppDelegate.h; sourceTree = "<group>"; };
		DCC1A38E13A94F1A005BD75D /* AppDelegate.m */ = {isa = PBXFileReference; fileEncoding = 4; lastKnownFileType = sourcecode.c.objc; path = AppDelegate.m; sourceTree = "<group>"; };
		DCC1A39113A94F1A005BD75D /* main.m */ = {isa = PBXFileReference; fileEncoding = 4; lastKnownFileType = sourcecode.c.objc; path = main.m; sourceTree = "<group>"; };
		DCC1A39213A94F1A005BD75D /* Prefix-iOS.pch */ = {isa = PBXFileReference; fileEncoding = 4; lastKnownFileType = sourcecode.c.h; path = "Prefix-iOS.pch"; sourceTree = "<group>"; };
		DCC1A39313A94F1A005BD75D /* Prefix-Mac.pch */ = {isa = PBXFileReference; fileEncoding = 4; lastKnownFileType = sourcecode.c.h; path = "Prefix-Mac.pch"; sourceTree = "<group>"; };
		DCC1A39513A94F1A005BD75D /* config.lua */ = {isa = PBXFileReference; explicitFileType = sourcecode.applescript; fileEncoding = 4; path = config.lua; sourceTree = "<group>"; };
		DCFA90EF13B4F6F7009DD35A /* BuildSettings-Debug-iOS.xcconfig */ = {isa = PBXFileReference; lastKnownFileType = text.xcconfig; path = "BuildSettings-Debug-iOS.xcconfig"; sourceTree = "<group>"; };
		DCFA90F013B4F811009DD35A /* BuildSettings-Release-iOS.xcconfig */ = {isa = PBXFileReference; lastKnownFileType = text.xcconfig; path = "BuildSettings-Release-iOS.xcconfig"; sourceTree = "<group>"; };
/* End PBXFileReference section */

/* Begin PBXFrameworksBuildPhase section */
		DCC1A0E013A94ED5005BD75D /* Frameworks */ = {
			isa = PBXFrameworksBuildPhase;
			buildActionMask = 2147483647;
			files = (
				DC65615C13A969B600A7AC53 /* libbox2d-ios.a in Frameworks */,
				DC65615D13A969B600A7AC53 /* libchipmunk-ios.a in Frameworks */,
				DC65615E13A969B600A7AC53 /* libchipmunk-spacemanager-ios.a in Frameworks */,
				DC65616013A969B600A7AC53 /* libcocos2d-extensions-ios.a in Frameworks */,
				DC65616113A969B600A7AC53 /* libcocos2d-ios.a in Frameworks */,
				DC65616213A969B600A7AC53 /* libcocos3d-ios.a in Frameworks */,
				DC65616313A969B600A7AC53 /* libcocosdenshion-ios.a in Frameworks */,
				DC65616413A969B600A7AC53 /* libkobold2d-ios.a in Frameworks */,
				DC65616513A969B600A7AC53 /* libobjectal-ios.a in Frameworks */,
				DC65616613A969B600A7AC53 /* libsneakyinput-ios.a in Frameworks */,
				DC65616713A969B600A7AC53 /* libwax-ios.a in Frameworks */,
			);
			runOnlyForDeploymentPostprocessing = 0;
		};
/* End PBXFrameworksBuildPhase section */

/* Begin PBXGroup section */
		076D1B5414D42E15005EA04E /* Effect */ = {
			isa = PBXGroup;
			children = (
				07C420BF14FEFA8F0002CB1C /* pause.wav */,
				076D1B5514D42E15005EA04E /* 1.caf */,
				076D1B5614D42E15005EA04E /* 2.caf */,
				076D1B8614D4B16E005EA04E /* 3.caf */,
				076D1B8714D4B16E005EA04E /* 4.caf */,
				076D1B8814D4B16E005EA04E /* 5.caf */,
			);
			path = Effect;
			sourceTree = "<group>";
		};
		076D1B5714D42E15005EA04E /* Music */ = {
			isa = PBXGroup;
			children = (
				07C420C214FEFAA50002CB1C /* Gameover.caf */,
				07C420C314FEFAA50002CB1C /* Result.caf */,
				07C420C414FEFAA50002CB1C /* Theme.caf */,
				076D1B7314D49874005EA04E /* bell.caf */,
				076D1B7414D49874005EA04E /* invalid0.caf */,
				076D1B7514D49874005EA04E /* invalid1.caf */,
				076D1B7614D49874005EA04E /* valid.caf */,
				070C1CB514DAAC9300889A72 /* Loop_Underground_0.caf */,
				070C1CB614DAAC9300889A72 /* Loop_Underground_1.caf */,
				070C1CB714DAAC9400889A72 /* Loop_Underground_2.caf */,
				070C1CB814DAAC9400889A72 /* Loop_Underground_3.caf */,
				076D1B5814D42E15005EA04E /* Loop_Poppy_0.caf */,
				076D1B5914D42E15005EA04E /* Loop_Poppy_1.caf */,
				076D1B5A14D42E15005EA04E /* Loop_Poppy_2.caf */,
				076D1B5B14D42E15005EA04E /* Loop_Poppy_3.caf */,
				0741723714ED620E0022D9F1 /* Loop_3_0.caf */,
				0741723814ED620E0022D9F1 /* Loop_3_1.caf */,
				0741723914ED620E0022D9F1 /* Loop_3_2.caf */,
				0741723A14ED620E0022D9F1 /* Loop_3_3.caf */,
			);
			path = Music;
			sourceTree = "<group>";
		};
		076D1B7B14D4AA9E005EA04E /* Main */ = {
			isa = PBXGroup;
			children = (
				07E08158150FC2E00097185E /* difficulty.h */,
				076D1B7C14D4AADB005EA04E /* CutIn.h */,
				076D1B7D14D4AADB005EA04E /* CutIn.m */,
				07C0721A14D50E2300672794 /* SeekBar.h */,
				07C0721B14D50E2300672794 /* SeekBar.m */,
				07D41ED414F1058000D91359 /* StatusBar.h */,
				07D41ED514F1058000D91359 /* StatusBar.m */,
				07E0816F150FC9440097185E /* SaveManager.h */,
				07E08170150FC9440097185E /* SaveManager.m */,
			);
			name = Main;
			sourceTree = "<group>";
		};
		07831F7314B23CC400C6FC96 /* Heqet */ = {
			isa = PBXGroup;
			children = (
				07F20B7E14C4EB59003D6237 /* libs */,
				07831F7A14B23CC400C6FC96 /* heqet.h */,
				07831F7414B23CC400C6FC96 /* audio */,
				07831F7B14B23CC400C6FC96 /* resources */,
				07831F7C14B23CC400C6FC96 /* scene */,
				07831F8314B23CC400C6FC96 /* sprite */,
				07831F8814B23CC400C6FC96 /* util */,
			);
			path = Heqet;
			sourceTree = "<group>";
		};
		07831F7414B23CC400C6FC96 /* audio */ = {
			isa = PBXGroup;
			children = (
				075A497514BD81BB0047AAD2 /* KWMusicManager.h */,
				075A497614BD81BB0047AAD2 /* KWMusicManager.m */,
			);
			path = audio;
			sourceTree = "<group>";
		};
		07831F7B14B23CC400C6FC96 /* resources */ = {
			isa = PBXGroup;
			children = (
			);
			path = resources;
			sourceTree = "<group>";
		};
		07831F7C14B23CC400C6FC96 /* scene */ = {
			isa = PBXGroup;
			children = (
				07831F7D14B23CC400C6FC96 /* KWLayer.h */,
				07831F7E14B23CC400C6FC96 /* KWLayer.m */,
				07831F7F14B23CC400C6FC96 /* KWState.h */,
				07831F8014B23CC400C6FC96 /* KWState.m */,
				07831F8114B23CC400C6FC96 /* KWStateManager.h */,
				07831F8214B23CC400C6FC96 /* KWStateManager.m */,
			);
			path = scene;
			sourceTree = "<group>";
		};
		07831F8314B23CC400C6FC96 /* sprite */ = {
			isa = PBXGroup;
			children = (
				07BA25EE14D33DAF00458AEA /* CCAnimationExtension.h */,
				07BA25EF14D33DAF00458AEA /* CCAnimationExtension.m */,
				07D6440114CB2E7B00B0910C /* KWGauge.h */,
				07D6440214CB2E7B00B0910C /* KWGauge.m */,
				07D6440314CB2E7B00B0910C /* KWPieChart.h */,
				07D6440414CB2E7B00B0910C /* KWPieChart.m */,
				07D6440514CB2E7B00B0910C /* KWTimerLabel.h */,
				07D6440614CB2E7B00B0910C /* KWTimerLabel.m */,
				07831F9C14B2428D00C6FC96 /* CCSpriteExtension.h */,
				07831F9D14B2428D00C6FC96 /* CCSpriteExtension.m */,
				07D643FC14CB2DC900B0910C /* KWScrollLayer.h */,
				07D643FD14CB2DC900B0910C /* KWScrollLayer.m */,
				07C65EB114E9987900EE1391 /* KWCounterLabel.h */,
				07C65EB214E9987900EE1391 /* KWCounterLabel.m */,
				0741724814EE4FD70022D9F1 /* KWMessageWindow.h */,
				0741724914EE4FD70022D9F1 /* KWMessageWindow.m */,
				07D41EA414EE516300D91359 /* KWMessageWindowDelegate.h */,
			);
			path = sprite;
			sourceTree = "<group>";
		};
		07831F8814B23CC400C6FC96 /* util */ = {
			isa = PBXGroup;
			children = (
				07831F8914B23CC400C6FC96 /* KWSingleton.h */,
				07831F8A14B23CC400C6FC96 /* KWSingleton.m */,
				07831F8B14B23CC400C6FC96 /* KWTimer.h */,
				07831F8C14B23CC400C6FC96 /* KWTimer.m */,
				07831F8D14B23CC400C6FC96 /* KWVector.h */,
				07831F8E14B23CC400C6FC96 /* KWVector.m */,
				07831F8F14B23CC400C6FC96 /* NSArrayExtension.h */,
				07831F9014B23CC400C6FC96 /* NSArrayExtension.m */,
				075A498314BEB3690047AAD2 /* KWDrawingPrimitives.h */,
				075A498414BEB36A0047AAD2 /* KWDrawingPrimitives.m */,
				07EC8A5514C22F9700C388AD /* KWUtility.h */,
				07EC8A5614C22F9700C388AD /* KWUtility.m */,
				07F20B8214C4EC07003D6237 /* KWRandom.h */,
				07F20B8314C4EC07003D6237 /* KWRandom.m */,
			);
			path = util;
			sourceTree = "<group>";
		};
		07BA25F414D341AB00458AEA /* Scene */ = {
			isa = PBXGroup;
			children = (
				07D41EA614EEE8A500D91359 /* HowtoLayer.h */,
				07D41EA714EEE8A500D91359 /* HowtoLayer.m */,
				07D41EA814EEE8A500D91359 /* LogoLayer.h */,
				07D41EA914EEE8A500D91359 /* LogoLayer.m */,
				07D41EAA14EEE8A500D91359 /* MainLayer.h */,
				07D41EAB14EEE8A500D91359 /* MainLayer.m */,
				07D41EAC14EEE8A500D91359 /* MenuLayer.h */,
				07D41EAD14EEE8A500D91359 /* MenuLayer.m */,
				07EBCA8214FC3140005E6769 /* MenuWindow.h */,
				07EBCA8314FC3140005E6769 /* MenuWindow.m */,
				07D41EAE14EEE8A500D91359 /* ResultLayer.h */,
				07D41EAF14EEE8A500D91359 /* ResultLayer.m */,
				07D41EB014EEE8A500D91359 /* TitleLayer.h */,
				07D41EB114EEE8A500D91359 /* TitleLayer.m */,
			);
			name = Scene;
			sourceTree = "<group>";
		};
		07BA25F514D36CBD00458AEA /* Motion */ = {
			isa = PBXGroup;
			children = (
				07F70ECF14D4090A00B43B30 /* Motion.h */,
				07F70ED014D4090A00B43B30 /* Motion.m */,
				07F70ED114D4090A00B43B30 /* MotionDetector.h */,
				07F70ED214D4090A00B43B30 /* MotionDetector.m */,
			);
			name = Motion;
			sourceTree = "<group>";
		};
		07C0721114D50DD200672794 /* CutIn */ = {
			isa = PBXGroup;
			children = (
				07C0721314D50DD200672794 /* cut_in_boss1.png */,
				07C65EDE14EC13C600EE1391 /* cutin.plist */,
			);
			path = CutIn;
			sourceTree = "<group>";
		};
		07C65EBC14EBB19B00EE1391 /* Image */ = {
			isa = PBXGroup;
			children = (
				07C65EBD14EBB19B00EE1391 /* Howto */,
				07C65EBE14EBB19B00EE1391 /* Main */,
				07C65ECB14EBB19B00EE1391 /* Title */,
			);
			path = Image;
			sourceTree = "<group>";
		};
		07C65EBD14EBB19B00EE1391 /* Howto */ = {
			isa = PBXGroup;
			children = (
				07E08172150FDB6C0097185E /* howto.lua */,
				07E08174150FEE0D0097185E /* howto0.png */,
			);
			path = Howto;
			sourceTree = "<group>";
		};
		07C65EBE14EBB19B00EE1391 /* Main */ = {
			isa = PBXGroup;
			children = (
				078780901508EA4500074F69 /* lifegauge.png */,
				073E0C5D150221F900FA7FD6 /* replay_button_selected.png */,
				073E0C5E150221F900FA7FD6 /* replay_button.png */,
				073E0C5F150221F900FA7FD6 /* title_button_selected.png */,
				073E0C60150221F900FA7FD6 /* title_button.png */,
				07D41EE514F217C900D91359 /* level_badge.png */,
				07D41ED914F13DB800D91359 /* frame.png */,
				07D41EDA14F13DB800D91359 /* gauge_left.png */,
				07D41EDB14F13DB800D91359 /* gauge_right.png */,
				07D41EDC14F13DB900D91359 /* gauge0.png */,
				07D41EDD14F13DBA00D91359 /* gauge1.png */,
				07D41EDE14F13DBA00D91359 /* gauge2.png */,
				07D41EC114F0F51B00D91359 /* finish.png */,
				07D41EC214F0F51B00D91359 /* gameover.png */,
				07D41EC314F0F51B00D91359 /* pause.png */,
				07D41ECA14F0FDA500D91359 /* bad.png */,
				07D41ED214F0FEE900D91359 /* go.png */,
				07D41ECB14F0FDA600D91359 /* great.png */,
				07D41ECC14F0FDA600D91359 /* miss.png */,
				07D41ECD14F0FDA600D91359 /* ok.png */,
				0741723F14ED63400022D9F1 /* status.png */,
				07C65EBF14EBB19B00EE1391 /* ready.png */,
				07C65EC014EBB19B00EE1391 /* seek_background.png */,
				07C65EC114EBB19B00EE1391 /* seek_marker0.png */,
				07C65EC214EBB19B00EE1391 /* seek_marker1.png */,
				07C65EC314EBB19B00EE1391 /* seekbar.png */,
				07C65EC414EBB19B00EE1391 /* t1_0.png */,
				07C65EC514EBB19B00EE1391 /* t1_2.png */,
				07C65EC614EBB19B00EE1391 /* t2_0.png */,
				07C65EC714EBB19B00EE1391 /* t3_0.png */,
				07C65EC814EBB19B00EE1391 /* t3_1.png */,
				07C65EC914EBB19B00EE1391 /* t4_0.png */,
				07C65ECA14EBB19B00EE1391 /* t5_0.png */,
			);
			path = Main;
			sourceTree = "<group>";
		};
		07C65ECB14EBB19B00EE1391 /* Title */ = {
			isa = PBXGroup;
			children = (
				07D41EE714F21BD700D91359 /* logo.png */,
				07D41ED714F13C4A00D91359 /* menu.png */,
				07EBCA6714FB1C51005E6769 /* easy_button_selected.png */,
				07EBCA6814FB1C51005E6769 /* easy_button.png */,
				07EBCA6914FB1C51005E6769 /* hard_button_selected.png */,
				07EBCA6A14FB1C51005E6769 /* hard_button.png */,
				07EBCA6B14FB1C51005E6769 /* howto_button_selected.png */,
				07EBCA6C14FB1C51005E6769 /* howto_button.png */,
				07EBCA6D14FB1C51005E6769 /* menu_background.png */,
				07EBCA6E14FB1C51005E6769 /* music_selected.png */,
				07EBCA6F14FB1C51005E6769 /* music.png */,
				07EBCA7014FB1C51005E6769 /* normal_button_selected.png */,
				07EBCA7114FB1C51005E6769 /* normal_button.png */,
				07EBCA7214FB1C51005E6769 /* play_button_selected.png */,
				07EBCA7314FB1C51005E6769 /* play_button.png */,
			);
			path = Title;
			sourceTree = "<group>";
		};
		07E0815A150FC5650097185E /* Score */ = {
			isa = PBXGroup;
			children = (
				07E0815B150FC5F30097185E /* easy0.lua */,
				07E0815C150FC5F30097185E /* easy1.lua */,
				07E0815D150FC5F30097185E /* easy2.lua */,
				07E0815E150FC5F30097185E /* hard0.lua */,
				07E0815F150FC5F30097185E /* hard1.lua */,
				07E08160150FC5F30097185E /* hard2.lua */,
				07E08161150FC5F30097185E /* normal0.lua */,
				07E08162150FC5F30097185E /* normal1.lua */,
				07E08163150FC5F30097185E /* normal2.lua */,
				07E08164150FC5F30097185E /* test.lua */,
			);
			name = Score;
			sourceTree = "<group>";
		};
		07F20B7E14C4EB59003D6237 /* libs */ = {
			isa = PBXGroup;
			children = (
				07F20B8014C4EB59003D6237 /* tinymt32.h */,
				07F20B7F14C4EB59003D6237 /* tinymt32.c */,
			);
			path = libs;
			sourceTree = "<group>";
		};
		07F70ED514D4091400B43B30 /* Music */ = {
			isa = PBXGroup;
			children = (
				07F70ED614D4094200B43B30 /* Score.h */,
				07F70ED714D4094200B43B30 /* Score.m */,
				6246649114D478C600F5A356 /* LoopMusic.h */,
				6246649214D478C600F5A356 /* LoopMusic.m */,
			);
			name = Music;
			sourceTree = "<group>";
		};
		DCC1A0D613A94EC0005BD75D = {
			isa = PBXGroup;
			children = (
				DCC1A38C13A94F1A005BD75D /* Projectfiles */,
				DCC1A0F713A94ED5005BD75D /* Projectfiles-iOS */,
				DCFA90ED13B4F6A0009DD35A /* BuildSettings */,
				DCC1A0E613A94ED5005BD75D /* Frameworks */,
				DCC1A0E413A94ED5005BD75D /* Products */,
			);
			sourceTree = "<group>";
		};
		DCC1A0E413A94ED5005BD75D /* Products */ = {
			isa = PBXGroup;
			children = (
				DCC1A0E313A94ED5005BD75D /* LoopyLooper-iOS.app */,
			);
			name = Products;
			sourceTree = "<group>";
		};
		DCC1A0E613A94ED5005BD75D /* Frameworks */ = {
			isa = PBXGroup;
			children = (
				07831F7314B23CC400C6FC96 /* Heqet */,
			);
			name = Frameworks;
			sourceTree = "<group>";
		};
		DCC1A0F713A94ED5005BD75D /* Projectfiles-iOS */ = {
			isa = PBXGroup;
			children = (
				DCC1A0F813A94ED5005BD75D /* Resources */,
			);
			path = "Projectfiles-iOS";
			sourceTree = "<group>";
		};
		DCC1A0F813A94ED5005BD75D /* Resources */ = {
			isa = PBXGroup;
			children = (
				DCC1A0FB13A94ED5005BD75D /* fps_images.png */,
				DCC1A0FD13A94ED5005BD75D /* Icon-72.png */,
				DCC1A0FF13A94ED5005BD75D /* Icon-Small-50.png */,
				DCC1A10113A94ED5005BD75D /* Icon-Small.png */,
				DCC1A10313A94ED5005BD75D /* Icon-Small@2x.png */,
				DCC1A10513A94ED5005BD75D /* Icon.png */,
				DCC1A10713A94ED5005BD75D /* Icon@2x.png */,
				DCC1A10913A94ED5005BD75D /* Info.plist */,
				DCC1A10A13A94ED5005BD75D /* iTunesArtwork */,
			);
			name = Resources;
			sourceTree = "<group>";
		};
		DCC1A38C13A94F1A005BD75D /* Projectfiles */ = {
			isa = PBXGroup;
			children = (
				076D1B7B14D4AA9E005EA04E /* Main */,
				DCC1A38D13A94F1A005BD75D /* AppDelegate.h */,
				DCC1A38E13A94F1A005BD75D /* AppDelegate.m */,
				07F70ED514D4091400B43B30 /* Music */,
				07BA25F514D36CBD00458AEA /* Motion */,
				07BA25F414D341AB00458AEA /* Scene */,
				DCC1A39413A94F1A005BD75D /* Resources */,
				DCC1A3CF13A94F2C005BD75D /* Supporting Files */,
			);
			path = Projectfiles;
			sourceTree = "<group>";
		};
		DCC1A39413A94F1A005BD75D /* Resources */ = {
			isa = PBXGroup;
			children = (
				07E0815A150FC5650097185E /* Score */,
				07C65EBC14EBB19B00EE1391 /* Image */,
				07C0721114D50DD200672794 /* CutIn */,
				076D1B5414D42E15005EA04E /* Effect */,
				076D1B5714D42E15005EA04E /* Music */,
				07831F6F14B23C7D00C6FC96 /* kawaz-hd.png */,
				07D41EB814EEEA3400D91359 /* kawaz-ipad.png */,
				07831F7014B23C7D00C6FC96 /* kawaz.png */,
				DCC1A39513A94F1A005BD75D /* config.lua */,
				07F70EE014D40B0A00B43B30 /* musics.lua */,
				07C65EAF14E9961F00EE1391 /* background.plist */,
				07C65EAC14E9925300EE1391 /* melody.plist */,
			);
			path = Resources;
			sourceTree = "<group>";
		};
		DCC1A3CF13A94F2C005BD75D /* Supporting Files */ = {
			isa = PBXGroup;
			children = (
				DCC1A39113A94F1A005BD75D /* main.m */,
				DCC1A39213A94F1A005BD75D /* Prefix-iOS.pch */,
				DCC1A39313A94F1A005BD75D /* Prefix-Mac.pch */,
			);
			name = "Supporting Files";
			sourceTree = "<group>";
		};
		DCFA90ED13B4F6A0009DD35A /* BuildSettings */ = {
			isa = PBXGroup;
			children = (
				DCFA90EF13B4F6F7009DD35A /* BuildSettings-Debug-iOS.xcconfig */,
				DCFA90F013B4F811009DD35A /* BuildSettings-Release-iOS.xcconfig */,
				DC3BE97813B4FB71003739CC /* BuildSettings-iOS.xcconfig */,
				DC9C33E713B5024400931BF2 /* BuildSettings-Debug-Mac.xcconfig */,
				DC9C33E913B5024400931BF2 /* BuildSettings-Release-Mac.xcconfig */,
				DC9C33E813B5024400931BF2 /* BuildSettings-Mac.xcconfig */,
			);
			path = BuildSettings;
			sourceTree = "<group>";
		};
/* End PBXGroup section */

/* Begin PBXNativeTarget section */
		DCC1A0E213A94ED5005BD75D /* LoopyLooper-iOS */ = {
			isa = PBXNativeTarget;
			buildConfigurationList = DCC1A25313A94ED7005BD75D /* Build configuration list for PBXNativeTarget "LoopyLooper-iOS" */;
			buildPhases = (
				DCC1A0DF13A94ED5005BD75D /* Sources */,
				DCC1A0E013A94ED5005BD75D /* Frameworks */,
				DCC1A0E113A94ED5005BD75D /* Resources */,
			);
			buildRules = (
			);
			dependencies = (
			);
			name = "LoopyLooper-iOS";
			productName = "Hello-World-iOS";
			productReference = DCC1A0E313A94ED5005BD75D /* LoopyLooper-iOS.app */;
			productType = "com.apple.product-type.application";
		};
/* End PBXNativeTarget section */

/* Begin PBXProject section */
		DCC1A0D813A94EC0005BD75D /* Project object */ = {
			isa = PBXProject;
			attributes = {
				LastUpgradeCheck = 0420;
			};
			buildConfigurationList = DCC1A0DB13A94EC0005BD75D /* Build configuration list for PBXProject "LoopyLooper" */;
			compatibilityVersion = "Xcode 3.2";
			developmentRegion = English;
			hasScannedForEncodings = 0;
			knownRegions = (
				en,
				English,
			);
			mainGroup = DCC1A0D613A94EC0005BD75D;
			productRefGroup = DCC1A0E413A94ED5005BD75D /* Products */;
			projectDirPath = "";
			projectRoot = "";
			targets = (
				DCC1A0E213A94ED5005BD75D /* LoopyLooper-iOS */,
			);
		};
/* End PBXProject section */

/* Begin PBXResourcesBuildPhase section */
		DCC1A0E113A94ED5005BD75D /* Resources */ = {
			isa = PBXResourcesBuildPhase;
			buildActionMask = 2147483647;
			files = (
				DCC1A0FC13A94ED5005BD75D /* fps_images.png in Resources */,
				DCC1A0FE13A94ED5005BD75D /* Icon-72.png in Resources */,
				DCC1A10013A94ED5005BD75D /* Icon-Small-50.png in Resources */,
				DCC1A10213A94ED5005BD75D /* Icon-Small.png in Resources */,
				DCC1A10413A94ED5005BD75D /* Icon-Small@2x.png in Resources */,
				DCC1A10613A94ED5005BD75D /* Icon.png in Resources */,
				DCC1A10813A94ED5005BD75D /* Icon@2x.png in Resources */,
				DCC1A10B13A94ED5005BD75D /* iTunesArtwork in Resources */,
				DCC1A3AF13A94F1A005BD75D /* config.lua in Resources */,
				07831F7114B23C7D00C6FC96 /* kawaz-hd.png in Resources */,
				07831F7214B23C7D00C6FC96 /* kawaz.png in Resources */,
				07F70EE114D40B0A00B43B30 /* musics.lua in Resources */,
				076D1B5C14D42E15005EA04E /* 1.caf in Resources */,
				076D1B5D14D42E15005EA04E /* 2.caf in Resources */,
				076D1B5E14D42E15005EA04E /* Loop_Poppy_0.caf in Resources */,
				076D1B5F14D42E15005EA04E /* Loop_Poppy_1.caf in Resources */,
				076D1B6014D42E15005EA04E /* Loop_Poppy_2.caf in Resources */,
				076D1B6114D42E15005EA04E /* Loop_Poppy_3.caf in Resources */,
				076D1B7714D49875005EA04E /* bell.caf in Resources */,
				076D1B7814D49875005EA04E /* invalid0.caf in Resources */,
				076D1B7914D49875005EA04E /* invalid1.caf in Resources */,
				076D1B7A14D49875005EA04E /* valid.caf in Resources */,
				076D1B8914D4B16E005EA04E /* 3.caf in Resources */,
				076D1B8A14D4B16E005EA04E /* 4.caf in Resources */,
				076D1B8B14D4B16E005EA04E /* 5.caf in Resources */,
				07C0721714D50DD200672794 /* cut_in_boss1.png in Resources */,
				070C1CB914DAAC9400889A72 /* Loop_Underground_0.caf in Resources */,
				070C1CBA14DAAC9400889A72 /* Loop_Underground_1.caf in Resources */,
				070C1CBB14DAAC9400889A72 /* Loop_Underground_2.caf in Resources */,
				070C1CBC14DAAC9400889A72 /* Loop_Underground_3.caf in Resources */,
				07C65EAE14E9925400EE1391 /* melody.plist in Resources */,
				07C65EB014E9962100EE1391 /* background.plist in Resources */,
				07C65ECC14EBB19B00EE1391 /* ready.png in Resources */,
				07C65ECD14EBB19B00EE1391 /* seek_background.png in Resources */,
				07C65ECE14EBB19B00EE1391 /* seek_marker0.png in Resources */,
				07C65ECF14EBB19B00EE1391 /* seek_marker1.png in Resources */,
				07C65ED014EBB19B00EE1391 /* seekbar.png in Resources */,
				07C65ED114EBB19B00EE1391 /* t1_0.png in Resources */,
				07C65ED214EBB19B00EE1391 /* t1_2.png in Resources */,
				07C65ED314EBB19B00EE1391 /* t2_0.png in Resources */,
				07C65ED414EBB19B00EE1391 /* t3_0.png in Resources */,
				07C65ED514EBB19B00EE1391 /* t3_1.png in Resources */,
				07C65ED614EBB19B00EE1391 /* t4_0.png in Resources */,
				07C65ED714EBB19B00EE1391 /* t5_0.png in Resources */,
				07C65EDF14EC13C600EE1391 /* cutin.plist in Resources */,
				0741723B14ED620E0022D9F1 /* Loop_3_0.caf in Resources */,
				0741723C14ED620E0022D9F1 /* Loop_3_1.caf in Resources */,
				0741723D14ED620E0022D9F1 /* Loop_3_2.caf in Resources */,
				0741723E14ED620E0022D9F1 /* Loop_3_3.caf in Resources */,
				0741724014ED63400022D9F1 /* status.png in Resources */,
				07D41EB914EEEA3400D91359 /* kawaz-ipad.png in Resources */,
				07D41EC514F0F51B00D91359 /* finish.png in Resources */,
				07D41EC614F0F51B00D91359 /* gameover.png in Resources */,
				07D41EC714F0F51B00D91359 /* pause.png in Resources */,
				07D41ECE14F0FDA600D91359 /* bad.png in Resources */,
				07D41ECF14F0FDA600D91359 /* great.png in Resources */,
				07D41ED014F0FDA600D91359 /* miss.png in Resources */,
				07D41ED114F0FDA600D91359 /* ok.png in Resources */,
				07D41ED314F0FEE900D91359 /* go.png in Resources */,
				07D41ED814F13C4A00D91359 /* menu.png in Resources */,
				07D41EDF14F13DBB00D91359 /* frame.png in Resources */,
				07D41EE014F13DBB00D91359 /* gauge_left.png in Resources */,
				07D41EE114F13DBB00D91359 /* gauge_right.png in Resources */,
				07D41EE214F13DBB00D91359 /* gauge0.png in Resources */,
				07D41EE314F13DBB00D91359 /* gauge1.png in Resources */,
				07D41EE414F13DBB00D91359 /* gauge2.png in Resources */,
				07D41EE614F217CA00D91359 /* level_badge.png in Resources */,
				07D41EE814F21BD700D91359 /* logo.png in Resources */,
				07EBCA7414FB1C51005E6769 /* easy_button_selected.png in Resources */,
				07EBCA7514FB1C51005E6769 /* easy_button.png in Resources */,
				07EBCA7614FB1C51005E6769 /* hard_button_selected.png in Resources */,
				07EBCA7714FB1C51005E6769 /* hard_button.png in Resources */,
				07EBCA7814FB1C51005E6769 /* howto_button_selected.png in Resources */,
				07EBCA7914FB1C51005E6769 /* howto_button.png in Resources */,
				07EBCA7A14FB1C51005E6769 /* menu_background.png in Resources */,
				07EBCA7B14FB1C51005E6769 /* music_selected.png in Resources */,
				07EBCA7C14FB1C51005E6769 /* music.png in Resources */,
				07EBCA7D14FB1C51005E6769 /* normal_button_selected.png in Resources */,
				07EBCA7E14FB1C51005E6769 /* normal_button.png in Resources */,
				07EBCA7F14FB1C51005E6769 /* play_button_selected.png in Resources */,
				07EBCA8014FB1C51005E6769 /* play_button.png in Resources */,
				07C420C014FEFA8F0002CB1C /* pause.wav in Resources */,
				07C420C514FEFAA50002CB1C /* Gameover.caf in Resources */,
				07C420C614FEFAA50002CB1C /* Result.caf in Resources */,
				07C420C714FEFAA50002CB1C /* Theme.caf in Resources */,
				073E0C61150221F900FA7FD6 /* replay_button_selected.png in Resources */,
				073E0C62150221F900FA7FD6 /* replay_button.png in Resources */,
				073E0C63150221F900FA7FD6 /* title_button_selected.png in Resources */,
				073E0C64150221F900FA7FD6 /* title_button.png in Resources */,
				078780911508EA4500074F69 /* lifegauge.png in Resources */,
				07E08165150FC5F30097185E /* easy0.lua in Resources */,
				07E08166150FC5F30097185E /* easy1.lua in Resources */,
				07E08167150FC5F30097185E /* easy2.lua in Resources */,
				07E08168150FC5F30097185E /* hard0.lua in Resources */,
				07E08169150FC5F30097185E /* hard1.lua in Resources */,
				07E0816A150FC5F30097185E /* hard2.lua in Resources */,
				07E0816B150FC5F30097185E /* normal0.lua in Resources */,
				07E0816C150FC5F30097185E /* normal1.lua in Resources */,
				07E0816D150FC5F30097185E /* normal2.lua in Resources */,
				07E0816E150FC5F30097185E /* test.lua in Resources */,
				07E08173150FDB6C0097185E /* howto.lua in Resources */,
				07E08175150FEE0D0097185E /* howto0.png in Resources */,
			);
			runOnlyForDeploymentPostprocessing = 0;
		};
/* End PBXResourcesBuildPhase section */

/* Begin PBXSourcesBuildPhase section */
		DCC1A0DF13A94ED5005BD75D /* Sources */ = {
			isa = PBXSourcesBuildPhase;
			buildActionMask = 2147483647;
			files = (
				DCC1A3A913A94F1A005BD75D /* AppDelegate.m in Sources */,
				DCC1A3AD13A94F1A005BD75D /* main.m in Sources */,
				07831F9314B23CC400C6FC96 /* KWLayer.m in Sources */,
				07831F9414B23CC400C6FC96 /* KWState.m in Sources */,
				07831F9514B23CC400C6FC96 /* KWStateManager.m in Sources */,
				07831F9814B23CC400C6FC96 /* KWSingleton.m in Sources */,
				07831F9914B23CC400C6FC96 /* KWTimer.m in Sources */,
				07831F9A14B23CC400C6FC96 /* KWVector.m in Sources */,
				07831F9B14B23CC400C6FC96 /* NSArrayExtension.m in Sources */,
				07831F9E14B2428D00C6FC96 /* CCSpriteExtension.m in Sources */,
				075A497714BD81BB0047AAD2 /* KWMusicManager.m in Sources */,
				075A498514BEB36A0047AAD2 /* KWDrawingPrimitives.m in Sources */,
				07EC8A5714C22F9700C388AD /* KWUtility.m in Sources */,
				07F20B8114C4EB59003D6237 /* tinymt32.c in Sources */,
				07F20B8414C4EC07003D6237 /* KWRandom.m in Sources */,
				07D643FE14CB2DC900B0910C /* KWScrollLayer.m in Sources */,
				07D6440714CB2E7B00B0910C /* KWGauge.m in Sources */,
				07D6440814CB2E7B00B0910C /* KWPieChart.m in Sources */,
				07D6440914CB2E7B00B0910C /* KWTimerLabel.m in Sources */,
				07BA25F014D33DAF00458AEA /* CCAnimationExtension.m in Sources */,
				07F70ED314D4090A00B43B30 /* Motion.m in Sources */,
				07F70ED414D4090A00B43B30 /* MotionDetector.m in Sources */,
				07F70ED814D4094200B43B30 /* Score.m in Sources */,
				6246649514D478C600F5A356 /* LoopMusic.m in Sources */,
				076D1B7E14D4AADB005EA04E /* CutIn.m in Sources */,
				07C0721C14D50E2300672794 /* SeekBar.m in Sources */,
				07C65EB314E9987900EE1391 /* KWCounterLabel.m in Sources */,
				0741724A14EE4FD70022D9F1 /* KWMessageWindow.m in Sources */,
				07D41EB214EEE8A500D91359 /* HowtoLayer.m in Sources */,
				07D41EB314EEE8A500D91359 /* LogoLayer.m in Sources */,
				07D41EB414EEE8A500D91359 /* MainLayer.m in Sources */,
				07D41EB514EEE8A500D91359 /* MenuLayer.m in Sources */,
				07D41EB614EEE8A500D91359 /* ResultLayer.m in Sources */,
				07D41EB714EEE8A500D91359 /* TitleLayer.m in Sources */,
				07D41ED614F1058000D91359 /* StatusBar.m in Sources */,
				07EBCA8414FC3140005E6769 /* MenuWindow.m in Sources */,
				07E08171150FC9440097185E /* SaveManager.m in Sources */,
			);
			runOnlyForDeploymentPostprocessing = 0;
		};
/* End PBXSourcesBuildPhase section */

/* Begin XCBuildConfiguration section */
		DCC1A0DD13A94EC0005BD75D /* Debug */ = {
			isa = XCBuildConfiguration;
			buildSettings = {
			};
			name = Debug;
		};
		DCC1A0DE13A94EC0005BD75D /* Release */ = {
			isa = XCBuildConfiguration;
			buildSettings = {
			};
			name = Release;
		};
		DCC1A25413A94ED7005BD75D /* Debug */ = {
			isa = XCBuildConfiguration;
			baseConfigurationReference = DCFA90EF13B4F6F7009DD35A /* BuildSettings-Debug-iOS.xcconfig */;
			buildSettings = {
				IPHONEOS_DEPLOYMENT_TARGET = 5.0;
				LIBRARY_SEARCH_PATHS = (
					"$(inherited)",
					"\"$(SRCROOT)/../__Kobold2D__/libs/GoogleAdMobAdsSDK\"",
				);
				TARGETED_DEVICE_FAMILY = 2;
			};
			name = Debug;
		};
		DCC1A25513A94ED7005BD75D /* Release */ = {
			isa = XCBuildConfiguration;
			baseConfigurationReference = DCFA90F013B4F811009DD35A /* BuildSettings-Release-iOS.xcconfig */;
			buildSettings = {
				IPHONEOS_DEPLOYMENT_TARGET = 5.0;
				LIBRARY_SEARCH_PATHS = (
					"$(inherited)",
					"\"$(SRCROOT)/../__Kobold2D__/libs/GoogleAdMobAdsSDK\"",
				);
				TARGETED_DEVICE_FAMILY = 2;
			};
			name = Release;
		};
/* End XCBuildConfiguration section */

/* Begin XCConfigurationList section */
		DCC1A0DB13A94EC0005BD75D /* Build configuration list for PBXProject "LoopyLooper" */ = {
			isa = XCConfigurationList;
			buildConfigurations = (
				DCC1A0DD13A94EC0005BD75D /* Debug */,
				DCC1A0DE13A94EC0005BD75D /* Release */,
			);
			defaultConfigurationIsVisible = 0;
			defaultConfigurationName = Release;
		};
		DCC1A25313A94ED7005BD75D /* Build configuration list for PBXNativeTarget "LoopyLooper-iOS" */ = {
			isa = XCConfigurationList;
			buildConfigurations = (
				DCC1A25413A94ED7005BD75D /* Debug */,
				DCC1A25513A94ED7005BD75D /* Release */,
			);
			defaultConfigurationIsVisible = 0;
			defaultConfigurationName = Release;
		};
/* End XCConfigurationList section */
	};
	rootObject = DCC1A0D813A94EC0005BD75D /* Project object */;
}
